// !$*UTF8*$!
{
	archiveVersion = 1;
	classes = {
	};
	objectVersion = 56;
	objects = {

/* Begin PBXBuildFile section */
		5CBBED1D18E2C433F04D5620 /* Pods_aDreamLeaf.framework in Frameworks */ = {isa = PBXBuildFile; fileRef = 67A6F08B5FE0536326EA064D /* Pods_aDreamLeaf.framework */; };
		BF15AB2629D92F4600014E05 /* ReivewListViewModel.swift in Sources */ = {isa = PBXBuildFile; fileRef = BF15AB2529D92F4600014E05 /* ReivewListViewModel.swift */; };
		BF15AB2829D92F6600014E05 /* ReviewListViewController.swift in Sources */ = {isa = PBXBuildFile; fileRef = BF15AB2729D92F6600014E05 /* ReviewListViewController.swift */; };
		BF15AB2D29D93CEE00014E05 /* ReviewCell.swift in Sources */ = {isa = PBXBuildFile; fileRef = BF15AB2C29D93CEE00014E05 /* ReviewCell.swift */; };
		BF15AB3129D93D1600014E05 /* ReviewCellVIewModel.swift in Sources */ = {isa = PBXBuildFile; fileRef = BF15AB3029D93D1600014E05 /* ReviewCellVIewModel.swift */; };
		BF15AB3729DA62FD00014E05 /* ReviewViewModel.swift in Sources */ = {isa = PBXBuildFile; fileRef = BF15AB3629DA62FD00014E05 /* ReviewViewModel.swift */; };
		BF15AB3929DA631B00014E05 /* ReviewViewController.swift in Sources */ = {isa = PBXBuildFile; fileRef = BF15AB3829DA631B00014E05 /* ReviewViewController.swift */; };
		BF6E4BCC29D7DB2E00D67F22 /* StoreDetailViewModel.swift in Sources */ = {isa = PBXBuildFile; fileRef = BF6E4BCB29D7DB2E00D67F22 /* StoreDetailViewModel.swift */; };
		BF6E4BCE29D7DB6800D67F22 /* StoreDetailViewController.swift in Sources */ = {isa = PBXBuildFile; fileRef = BF6E4BCD29D7DB6800D67F22 /* StoreDetailViewController.swift */; };
		BF6E4BD129D7E9C500D67F22 /* SimpleReviewCell.swift in Sources */ = {isa = PBXBuildFile; fileRef = BF6E4BD029D7E9C500D67F22 /* SimpleReviewCell.swift */; };
		BF6E4BD329D7E9CF00D67F22 /* SimpleReviewCellViewModel.swift in Sources */ = {isa = PBXBuildFile; fileRef = BF6E4BD229D7E9CF00D67F22 /* SimpleReviewCellViewModel.swift */; };
		BFB0A8F029D13593003D3E6E /* HomeViewModel.swift in Sources */ = {isa = PBXBuildFile; fileRef = BFB0A8EF29D13593003D3E6E /* HomeViewModel.swift */; };
		BFB0A8F229D1359D003D3E6E /* HomeViewController.swift in Sources */ = {isa = PBXBuildFile; fileRef = BFB0A8F129D1359D003D3E6E /* HomeViewController.swift */; };
		BFB0A8F629D13AC2003D3E6E /* MainViewController.swift in Sources */ = {isa = PBXBuildFile; fileRef = BFB0A8F529D13AC2003D3E6E /* MainViewController.swift */; };
		BFB0A8F829D17737003D3E6E /* LaunchScreen.storyboard in Resources */ = {isa = PBXBuildFile; fileRef = BFB0A8F729D17737003D3E6E /* LaunchScreen.storyboard */; };
		BFB0A8FC29D288FA003D3E6E /* RestaurantCell.swift in Sources */ = {isa = PBXBuildFile; fileRef = BFB0A8FB29D288FA003D3E6E /* RestaurantCell.swift */; };
		BFB0A8FE29D28906003D3E6E /* RestaurantCellViewModel.swift in Sources */ = {isa = PBXBuildFile; fileRef = BFB0A8FD29D28906003D3E6E /* RestaurantCellViewModel.swift */; };
		BFB0A90029D28DA7003D3E6E /* Constant.swift in Sources */ = {isa = PBXBuildFile; fileRef = BFB0A8FF29D28DA7003D3E6E /* Constant.swift */; };
		BFB0A90329D2B9CD003D3E6E /* LoginViewController.swift in Sources */ = {isa = PBXBuildFile; fileRef = BFB0A90229D2B9CD003D3E6E /* LoginViewController.swift */; };
		BFB0A90529D2B9D4003D3E6E /* LoginViewModel.swift in Sources */ = {isa = PBXBuildFile; fileRef = BFB0A90429D2B9D4003D3E6E /* LoginViewModel.swift */; };
		BFB0A90829D2C66D003D3E6E /* UIView.swift in Sources */ = {isa = PBXBuildFile; fileRef = BFB0A90729D2C66D003D3E6E /* UIView.swift */; };
		BFB0A90A29D2C6A7003D3E6E /* UITextField.swift in Sources */ = {isa = PBXBuildFile; fileRef = BFB0A90929D2C6A7003D3E6E /* UITextField.swift */; };
		BFB0A90D29D5217B003D3E6E /* SignInViewController.swift in Sources */ = {isa = PBXBuildFile; fileRef = BFB0A90C29D5217B003D3E6E /* SignInViewController.swift */; };
		BFB0A90F29D5219A003D3E6E /* SignInViewModel.swift in Sources */ = {isa = PBXBuildFile; fileRef = BFB0A90E29D5219A003D3E6E /* SignInViewModel.swift */; };
		BFB0A91229D550CD003D3E6E /* MyPageViewModel.swift in Sources */ = {isa = PBXBuildFile; fileRef = BFB0A91129D550CD003D3E6E /* MyPageViewModel.swift */; };
		BFB0A91429D550ED003D3E6E /* MyPageViewController.swift in Sources */ = {isa = PBXBuildFile; fileRef = BFB0A91329D550ED003D3E6E /* MyPageViewController.swift */; };
		BFB0A91729D55851003D3E6E /* SearchViewModel.swift in Sources */ = {isa = PBXBuildFile; fileRef = BFB0A91629D55851003D3E6E /* SearchViewModel.swift */; };
		BFB0A91929D55870003D3E6E /* SearchViewController.swift in Sources */ = {isa = PBXBuildFile; fileRef = BFB0A91829D55870003D3E6E /* SearchViewController.swift */; };
		BFB0A91F29D6B513003D3E6E /* SearchCellViewModel.swift in Sources */ = {isa = PBXBuildFile; fileRef = BFB0A91E29D6B513003D3E6E /* SearchCellViewModel.swift */; };
		BFB0A92129D6B53F003D3E6E /* SearchCell.swift in Sources */ = {isa = PBXBuildFile; fileRef = BFB0A92029D6B53F003D3E6E /* SearchCell.swift */; };
		BFCF86B129CD56400075D5E6 /* AppDelegate.swift in Sources */ = {isa = PBXBuildFile; fileRef = BFCF86B029CD56400075D5E6 /* AppDelegate.swift */; };
		BFCF86B329CD56400075D5E6 /* SceneDelegate.swift in Sources */ = {isa = PBXBuildFile; fileRef = BFCF86B229CD56400075D5E6 /* SceneDelegate.swift */; };
		BFCF86BA29CD56410075D5E6 /* Assets.xcassets in Resources */ = {isa = PBXBuildFile; fileRef = BFCF86B929CD56410075D5E6 /* Assets.xcassets */; };
/* End PBXBuildFile section */

/* Begin PBXFileReference section */
		67A6F08B5FE0536326EA064D /* Pods_aDreamLeaf.framework */ = {isa = PBXFileReference; explicitFileType = wrapper.framework; includeInIndex = 0; path = Pods_aDreamLeaf.framework; sourceTree = BUILT_PRODUCTS_DIR; };
		AB525C44AF9A47DAD1A7E663 /* Pods-aDreamLeaf.debug.xcconfig */ = {isa = PBXFileReference; includeInIndex = 1; lastKnownFileType = text.xcconfig; name = "Pods-aDreamLeaf.debug.xcconfig"; path = "Target Support Files/Pods-aDreamLeaf/Pods-aDreamLeaf.debug.xcconfig"; sourceTree = "<group>"; };
		BF15AB2529D92F4600014E05 /* ReivewListViewModel.swift */ = {isa = PBXFileReference; lastKnownFileType = sourcecode.swift; path = ReivewListViewModel.swift; sourceTree = "<group>"; };
		BF15AB2729D92F6600014E05 /* ReviewListViewController.swift */ = {isa = PBXFileReference; lastKnownFileType = sourcecode.swift; path = ReviewListViewController.swift; sourceTree = "<group>"; };
		BF15AB2C29D93CEE00014E05 /* ReviewCell.swift */ = {isa = PBXFileReference; lastKnownFileType = sourcecode.swift; path = ReviewCell.swift; sourceTree = "<group>"; };
		BF15AB3029D93D1600014E05 /* ReviewCellVIewModel.swift */ = {isa = PBXFileReference; lastKnownFileType = sourcecode.swift; path = ReviewCellVIewModel.swift; sourceTree = "<group>"; };
		BF15AB3629DA62FD00014E05 /* ReviewViewModel.swift */ = {isa = PBXFileReference; lastKnownFileType = sourcecode.swift; path = ReviewViewModel.swift; sourceTree = "<group>"; };
		BF15AB3829DA631B00014E05 /* ReviewViewController.swift */ = {isa = PBXFileReference; lastKnownFileType = sourcecode.swift; path = ReviewViewController.swift; sourceTree = "<group>"; };
		BF6E4BCB29D7DB2E00D67F22 /* StoreDetailViewModel.swift */ = {isa = PBXFileReference; lastKnownFileType = sourcecode.swift; path = StoreDetailViewModel.swift; sourceTree = "<group>"; };
		BF6E4BCD29D7DB6800D67F22 /* StoreDetailViewController.swift */ = {isa = PBXFileReference; lastKnownFileType = sourcecode.swift; path = StoreDetailViewController.swift; sourceTree = "<group>"; };
		BF6E4BD029D7E9C500D67F22 /* SimpleReviewCell.swift */ = {isa = PBXFileReference; lastKnownFileType = sourcecode.swift; path = SimpleReviewCell.swift; sourceTree = "<group>"; };
		BF6E4BD229D7E9CF00D67F22 /* SimpleReviewCellViewModel.swift */ = {isa = PBXFileReference; lastKnownFileType = sourcecode.swift; path = SimpleReviewCellViewModel.swift; sourceTree = "<group>"; };
		BFB0A8EF29D13593003D3E6E /* HomeViewModel.swift */ = {isa = PBXFileReference; lastKnownFileType = sourcecode.swift; path = HomeViewModel.swift; sourceTree = "<group>"; };
		BFB0A8F129D1359D003D3E6E /* HomeViewController.swift */ = {isa = PBXFileReference; lastKnownFileType = sourcecode.swift; path = HomeViewController.swift; sourceTree = "<group>"; };
		BFB0A8F529D13AC2003D3E6E /* MainViewController.swift */ = {isa = PBXFileReference; lastKnownFileType = sourcecode.swift; path = MainViewController.swift; sourceTree = "<group>"; };
		BFB0A8F729D17737003D3E6E /* LaunchScreen.storyboard */ = {isa = PBXFileReference; lastKnownFileType = file.storyboard; path = LaunchScreen.storyboard; sourceTree = "<group>"; };
		BFB0A8FB29D288FA003D3E6E /* RestaurantCell.swift */ = {isa = PBXFileReference; lastKnownFileType = sourcecode.swift; path = RestaurantCell.swift; sourceTree = "<group>"; };
		BFB0A8FD29D28906003D3E6E /* RestaurantCellViewModel.swift */ = {isa = PBXFileReference; lastKnownFileType = sourcecode.swift; path = RestaurantCellViewModel.swift; sourceTree = "<group>"; };
		BFB0A8FF29D28DA7003D3E6E /* Constant.swift */ = {isa = PBXFileReference; lastKnownFileType = sourcecode.swift; path = Constant.swift; sourceTree = "<group>"; };
		BFB0A90229D2B9CD003D3E6E /* LoginViewController.swift */ = {isa = PBXFileReference; lastKnownFileType = sourcecode.swift; path = LoginViewController.swift; sourceTree = "<group>"; };
		BFB0A90429D2B9D4003D3E6E /* LoginViewModel.swift */ = {isa = PBXFileReference; lastKnownFileType = sourcecode.swift; path = LoginViewModel.swift; sourceTree = "<group>"; };
		BFB0A90729D2C66D003D3E6E /* UIView.swift */ = {isa = PBXFileReference; lastKnownFileType = sourcecode.swift; path = UIView.swift; sourceTree = "<group>"; };
		BFB0A90929D2C6A7003D3E6E /* UITextField.swift */ = {isa = PBXFileReference; lastKnownFileType = sourcecode.swift; path = UITextField.swift; sourceTree = "<group>"; };
		BFB0A90C29D5217B003D3E6E /* SignInViewController.swift */ = {isa = PBXFileReference; lastKnownFileType = sourcecode.swift; path = SignInViewController.swift; sourceTree = "<group>"; };
		BFB0A90E29D5219A003D3E6E /* SignInViewModel.swift */ = {isa = PBXFileReference; lastKnownFileType = sourcecode.swift; path = SignInViewModel.swift; sourceTree = "<group>"; };
		BFB0A91129D550CD003D3E6E /* MyPageViewModel.swift */ = {isa = PBXFileReference; lastKnownFileType = sourcecode.swift; path = MyPageViewModel.swift; sourceTree = "<group>"; };
		BFB0A91329D550ED003D3E6E /* MyPageViewController.swift */ = {isa = PBXFileReference; lastKnownFileType = sourcecode.swift; path = MyPageViewController.swift; sourceTree = "<group>"; };
		BFB0A91629D55851003D3E6E /* SearchViewModel.swift */ = {isa = PBXFileReference; lastKnownFileType = sourcecode.swift; path = SearchViewModel.swift; sourceTree = "<group>"; };
		BFB0A91829D55870003D3E6E /* SearchViewController.swift */ = {isa = PBXFileReference; lastKnownFileType = sourcecode.swift; path = SearchViewController.swift; sourceTree = "<group>"; };
		BFB0A91E29D6B513003D3E6E /* SearchCellViewModel.swift */ = {isa = PBXFileReference; lastKnownFileType = sourcecode.swift; path = SearchCellViewModel.swift; sourceTree = "<group>"; };
		BFB0A92029D6B53F003D3E6E /* SearchCell.swift */ = {isa = PBXFileReference; lastKnownFileType = sourcecode.swift; path = SearchCell.swift; sourceTree = "<group>"; };
		BFCF86AD29CD56400075D5E6 /* aDreamLeaf.app */ = {isa = PBXFileReference; explicitFileType = wrapper.application; includeInIndex = 0; path = aDreamLeaf.app; sourceTree = BUILT_PRODUCTS_DIR; };
		BFCF86B029CD56400075D5E6 /* AppDelegate.swift */ = {isa = PBXFileReference; lastKnownFileType = sourcecode.swift; path = AppDelegate.swift; sourceTree = "<group>"; };
		BFCF86B229CD56400075D5E6 /* SceneDelegate.swift */ = {isa = PBXFileReference; lastKnownFileType = sourcecode.swift; path = SceneDelegate.swift; sourceTree = "<group>"; };
		BFCF86B929CD56410075D5E6 /* Assets.xcassets */ = {isa = PBXFileReference; lastKnownFileType = folder.assetcatalog; path = Assets.xcassets; sourceTree = "<group>"; };
		BFCF86BE29CD56410075D5E6 /* Info.plist */ = {isa = PBXFileReference; lastKnownFileType = text.plist.xml; path = Info.plist; sourceTree = "<group>"; };
		E2EF012196A74CB53DF4F89C /* Pods-aDreamLeaf.release.xcconfig */ = {isa = PBXFileReference; includeInIndex = 1; lastKnownFileType = text.xcconfig; name = "Pods-aDreamLeaf.release.xcconfig"; path = "Target Support Files/Pods-aDreamLeaf/Pods-aDreamLeaf.release.xcconfig"; sourceTree = "<group>"; };
/* End PBXFileReference section */

/* Begin PBXFrameworksBuildPhase section */
		BFCF86AA29CD56400075D5E6 /* Frameworks */ = {
			isa = PBXFrameworksBuildPhase;
			buildActionMask = 2147483647;
			files = (
				5CBBED1D18E2C433F04D5620 /* Pods_aDreamLeaf.framework in Frameworks */,
			);
			runOnlyForDeploymentPostprocessing = 0;
		};
/* End PBXFrameworksBuildPhase section */

/* Begin PBXGroup section */
		9D2C06413A16DF0CA62D7221 /* Pods */ = {
			isa = PBXGroup;
			children = (
				AB525C44AF9A47DAD1A7E663 /* Pods-aDreamLeaf.debug.xcconfig */,
				E2EF012196A74CB53DF4F89C /* Pods-aDreamLeaf.release.xcconfig */,
			);
			path = Pods;
			sourceTree = "<group>";
		};
		BF15AB2429D92F2500014E05 /* ReviewList */ = {
			isa = PBXGroup;
			children = (
				BF15AB2529D92F4600014E05 /* ReivewListViewModel.swift */,
				BF15AB2729D92F6600014E05 /* ReviewListViewController.swift */,
			);
			path = ReviewList;
			sourceTree = "<group>";
		};
		BF15AB2929D93C0000014E05 /* ReviewCell */ = {
			isa = PBXGroup;
			children = (
				BF15AB2C29D93CEE00014E05 /* ReviewCell.swift */,
				BF15AB3029D93D1600014E05 /* ReviewCellVIewModel.swift */,
			);
			path = ReviewCell;
			sourceTree = "<group>";
		};
		BF15AB3529DA62F700014E05 /* Review */ = {
			isa = PBXGroup;
			children = (
				BF15AB3629DA62FD00014E05 /* ReviewViewModel.swift */,
				BF15AB3829DA631B00014E05 /* ReviewViewController.swift */,
			);
			path = Review;
			sourceTree = "<group>";
		};
		BF6E4BCA29D7DB1F00D67F22 /* StoreDetail */ = {
			isa = PBXGroup;
			children = (
				BF6E4BCB29D7DB2E00D67F22 /* StoreDetailViewModel.swift */,
				BF6E4BCD29D7DB6800D67F22 /* StoreDetailViewController.swift */,
				BF15AB2429D92F2500014E05 /* ReviewList */,
			);
			path = StoreDetail;
			sourceTree = "<group>";
		};
		BF6E4BCF29D7E9AA00D67F22 /* SimpleReviewCell */ = {
			isa = PBXGroup;
			children = (
				BF6E4BD029D7E9C500D67F22 /* SimpleReviewCell.swift */,
				BF6E4BD229D7E9CF00D67F22 /* SimpleReviewCellViewModel.swift */,
			);
			path = SimpleReviewCell;
			sourceTree = "<group>";
		};
		BFB0A8ED29D13577003D3E6E /* Presentation */ = {
			isa = PBXGroup;
			children = (
				BF15AB3529DA62F700014E05 /* Review */,
				BF6E4BCA29D7DB1F00D67F22 /* StoreDetail */,
				BFB0A91C29D6B4F2003D3E6E /* Components */,
				BFB0A91029D550C0003D3E6E /* MyPage */,
				BFB0A90B29D52166003D3E6E /* SignIn */,
				BFB0A90129D2B9BF003D3E6E /* Login */,
				BFB0A8EE29D13586003D3E6E /* Main */,
			);
			path = Presentation;
			sourceTree = "<group>";
		};
		BFB0A8EE29D13586003D3E6E /* Main */ = {
			isa = PBXGroup;
			children = (
				BFB0A91529D55844003D3E6E /* Search */,
				BFB0A8F429D13AB6003D3E6E /* Home */,
				BFB0A8F529D13AC2003D3E6E /* MainViewController.swift */,
			);
			path = Main;
			sourceTree = "<group>";
		};
		BFB0A8F329D13715003D3E6E /* Delegate */ = {
			isa = PBXGroup;
			children = (
				BFCF86B029CD56400075D5E6 /* AppDelegate.swift */,
				BFCF86B229CD56400075D5E6 /* SceneDelegate.swift */,
			);
			path = Delegate;
			sourceTree = "<group>";
		};
		BFB0A8F429D13AB6003D3E6E /* Home */ = {
			isa = PBXGroup;
			children = (
				BFB0A8EF29D13593003D3E6E /* HomeViewModel.swift */,
				BFB0A8F129D1359D003D3E6E /* HomeViewController.swift */,
			);
			path = Home;
			sourceTree = "<group>";
		};
		BFB0A8F929D288AF003D3E6E /* RestaurantCell */ = {
			isa = PBXGroup;
			children = (
				BFB0A8FB29D288FA003D3E6E /* RestaurantCell.swift */,
				BFB0A8FD29D28906003D3E6E /* RestaurantCellViewModel.swift */,
			);
			path = RestaurantCell;
			sourceTree = "<group>";
		};
		BFB0A90129D2B9BF003D3E6E /* Login */ = {
			isa = PBXGroup;
			children = (
				BFB0A90229D2B9CD003D3E6E /* LoginViewController.swift */,
				BFB0A90429D2B9D4003D3E6E /* LoginViewModel.swift */,
			);
			path = Login;
			sourceTree = "<group>";
		};
		BFB0A90629D2C664003D3E6E /* Extension */ = {
			isa = PBXGroup;
			children = (
				BFB0A90729D2C66D003D3E6E /* UIView.swift */,
				BFB0A90929D2C6A7003D3E6E /* UITextField.swift */,
			);
			path = Extension;
			sourceTree = "<group>";
		};
		BFB0A90B29D52166003D3E6E /* SignIn */ = {
			isa = PBXGroup;
			children = (
				BFB0A90C29D5217B003D3E6E /* SignInViewController.swift */,
				BFB0A90E29D5219A003D3E6E /* SignInViewModel.swift */,
			);
			path = SignIn;
			sourceTree = "<group>";
		};
		BFB0A91029D550C0003D3E6E /* MyPage */ = {
			isa = PBXGroup;
			children = (
				BFB0A91129D550CD003D3E6E /* MyPageViewModel.swift */,
				BFB0A91329D550ED003D3E6E /* MyPageViewController.swift */,
			);
			path = MyPage;
			sourceTree = "<group>";
		};
		BFB0A91529D55844003D3E6E /* Search */ = {
			isa = PBXGroup;
			children = (
				BFB0A91629D55851003D3E6E /* SearchViewModel.swift */,
				BFB0A91829D55870003D3E6E /* SearchViewController.swift */,
			);
			path = Search;
			sourceTree = "<group>";
		};
		BFB0A91C29D6B4F2003D3E6E /* Components */ = {
			isa = PBXGroup;
			children = (
				BF15AB2929D93C0000014E05 /* ReviewCell */,
				BF6E4BCF29D7E9AA00D67F22 /* SimpleReviewCell */,
				BFB0A91D29D6B4FE003D3E6E /* SearchCell */,
				BFB0A8F929D288AF003D3E6E /* RestaurantCell */,
			);
			path = Components;
			sourceTree = "<group>";
		};
		BFB0A91D29D6B4FE003D3E6E /* SearchCell */ = {
			isa = PBXGroup;
			children = (
				BFB0A92029D6B53F003D3E6E /* SearchCell.swift */,
				BFB0A91E29D6B513003D3E6E /* SearchCellViewModel.swift */,
			);
			path = SearchCell;
			sourceTree = "<group>";
		};
		BFCF86A429CD56400075D5E6 = {
			isa = PBXGroup;
			children = (
				BFCF86AF29CD56400075D5E6 /* aDreamLeaf */,
				BFCF86AE29CD56400075D5E6 /* Products */,
				9D2C06413A16DF0CA62D7221 /* Pods */,
				D7D4F3D182597622BB59D214 /* Frameworks */,
			);
			sourceTree = "<group>";
		};
		BFCF86AE29CD56400075D5E6 /* Products */ = {
			isa = PBXGroup;
			children = (
				BFCF86AD29CD56400075D5E6 /* aDreamLeaf.app */,
			);
			name = Products;
			sourceTree = "<group>";
		};
		BFCF86AF29CD56400075D5E6 /* aDreamLeaf */ = {
			isa = PBXGroup;
			children = (
				BFB0A90629D2C664003D3E6E /* Extension */,
				BFB0A8ED29D13577003D3E6E /* Presentation */,
				BFB0A8F329D13715003D3E6E /* Delegate */,
				BFCF86B929CD56410075D5E6 /* Assets.xcassets */,
				BFCF86BE29CD56410075D5E6 /* Info.plist */,
				BFB0A8F729D17737003D3E6E /* LaunchScreen.storyboard */,
				BFB0A8FF29D28DA7003D3E6E /* Constant.swift */,
			);
			path = aDreamLeaf;
			sourceTree = "<group>";
		};
		D7D4F3D182597622BB59D214 /* Frameworks */ = {
			isa = PBXGroup;
			children = (
				67A6F08B5FE0536326EA064D /* Pods_aDreamLeaf.framework */,
			);
			name = Frameworks;
			sourceTree = "<group>";
		};
/* End PBXGroup section */

/* Begin PBXNativeTarget section */
		BFCF86AC29CD56400075D5E6 /* aDreamLeaf */ = {
			isa = PBXNativeTarget;
			buildConfigurationList = BFCF86C129CD56410075D5E6 /* Build configuration list for PBXNativeTarget "aDreamLeaf" */;
			buildPhases = (
				376AB73345EAE634A5BF6692 /* [CP] Check Pods Manifest.lock */,
				BFCF86A929CD56400075D5E6 /* Sources */,
				BFCF86AA29CD56400075D5E6 /* Frameworks */,
				BFCF86AB29CD56400075D5E6 /* Resources */,
				C1227649A45FF029DB746FE0 /* [CP] Embed Pods Frameworks */,
			);
			buildRules = (
			);
			dependencies = (
			);
			name = aDreamLeaf;
			productName = aDreamLeaf;
			productReference = BFCF86AD29CD56400075D5E6 /* aDreamLeaf.app */;
			productType = "com.apple.product-type.application";
		};
/* End PBXNativeTarget section */

/* Begin PBXProject section */
		BFCF86A529CD56400075D5E6 /* Project object */ = {
			isa = PBXProject;
			attributes = {
				BuildIndependentTargetsInParallel = 1;
				LastSwiftUpdateCheck = 1420;
				LastUpgradeCheck = 1420;
				TargetAttributes = {
					BFCF86AC29CD56400075D5E6 = {
						CreatedOnToolsVersion = 14.2;
					};
				};
			};
			buildConfigurationList = BFCF86A829CD56400075D5E6 /* Build configuration list for PBXProject "aDreamLeaf" */;
			compatibilityVersion = "Xcode 14.0";
			developmentRegion = en;
			hasScannedForEncodings = 0;
			knownRegions = (
				en,
				Base,
			);
			mainGroup = BFCF86A429CD56400075D5E6;
			productRefGroup = BFCF86AE29CD56400075D5E6 /* Products */;
			projectDirPath = "";
			projectRoot = "";
			targets = (
				BFCF86AC29CD56400075D5E6 /* aDreamLeaf */,
			);
		};
/* End PBXProject section */

/* Begin PBXResourcesBuildPhase section */
		BFCF86AB29CD56400075D5E6 /* Resources */ = {
			isa = PBXResourcesBuildPhase;
			buildActionMask = 2147483647;
			files = (
				BFCF86BA29CD56410075D5E6 /* Assets.xcassets in Resources */,
				BFB0A8F829D17737003D3E6E /* LaunchScreen.storyboard in Resources */,
			);
			runOnlyForDeploymentPostprocessing = 0;
		};
/* End PBXResourcesBuildPhase section */

/* Begin PBXShellScriptBuildPhase section */
		376AB73345EAE634A5BF6692 /* [CP] Check Pods Manifest.lock */ = {
			isa = PBXShellScriptBuildPhase;
			buildActionMask = 2147483647;
			files = (
			);
			inputFileListPaths = (
			);
			inputPaths = (
				"${PODS_PODFILE_DIR_PATH}/Podfile.lock",
				"${PODS_ROOT}/Manifest.lock",
			);
			name = "[CP] Check Pods Manifest.lock";
			outputFileListPaths = (
			);
			outputPaths = (
				"$(DERIVED_FILE_DIR)/Pods-aDreamLeaf-checkManifestLockResult.txt",
			);
			runOnlyForDeploymentPostprocessing = 0;
			shellPath = /bin/sh;
			shellScript = "diff \"${PODS_PODFILE_DIR_PATH}/Podfile.lock\" \"${PODS_ROOT}/Manifest.lock\" > /dev/null\nif [ $? != 0 ] ; then\n    # print error to STDERR\n    echo \"error: The sandbox is not in sync with the Podfile.lock. Run 'pod install' or update your CocoaPods installation.\" >&2\n    exit 1\nfi\n# This output is used by Xcode 'outputs' to avoid re-running this script phase.\necho \"SUCCESS\" > \"${SCRIPT_OUTPUT_FILE_0}\"\n";
			showEnvVarsInLog = 0;
		};
		C1227649A45FF029DB746FE0 /* [CP] Embed Pods Frameworks */ = {
			isa = PBXShellScriptBuildPhase;
			buildActionMask = 2147483647;
			files = (
			);
			inputFileListPaths = (
				"${PODS_ROOT}/Target Support Files/Pods-aDreamLeaf/Pods-aDreamLeaf-frameworks-${CONFIGURATION}-input-files.xcfilelist",
			);
			name = "[CP] Embed Pods Frameworks";
			outputFileListPaths = (
				"${PODS_ROOT}/Target Support Files/Pods-aDreamLeaf/Pods-aDreamLeaf-frameworks-${CONFIGURATION}-output-files.xcfilelist",
			);
			runOnlyForDeploymentPostprocessing = 0;
			shellPath = /bin/sh;
			shellScript = "\"${PODS_ROOT}/Target Support Files/Pods-aDreamLeaf/Pods-aDreamLeaf-frameworks.sh\"\n";
			showEnvVarsInLog = 0;
		};
/* End PBXShellScriptBuildPhase section */

/* Begin PBXSourcesBuildPhase section */
		BFCF86A929CD56400075D5E6 /* Sources */ = {
			isa = PBXSourcesBuildPhase;
			buildActionMask = 2147483647;
			files = (
				BFB0A90329D2B9CD003D3E6E /* LoginViewController.swift in Sources */,
				BFB0A92129D6B53F003D3E6E /* SearchCell.swift in Sources */,
				BF15AB3929DA631B00014E05 /* ReviewViewController.swift in Sources */,
				BF15AB2829D92F6600014E05 /* ReviewListViewController.swift in Sources */,
				BFB0A8FC29D288FA003D3E6E /* RestaurantCell.swift in Sources */,
				BF15AB2D29D93CEE00014E05 /* ReviewCell.swift in Sources */,
				BFB0A91229D550CD003D3E6E /* MyPageViewModel.swift in Sources */,
				BFB0A90829D2C66D003D3E6E /* UIView.swift in Sources */,
				BFB0A8FE29D28906003D3E6E /* RestaurantCellViewModel.swift in Sources */,
				BFCF86B129CD56400075D5E6 /* AppDelegate.swift in Sources */,
				BFB0A90D29D5217B003D3E6E /* SignInViewController.swift in Sources */,
				BFB0A91429D550ED003D3E6E /* MyPageViewController.swift in Sources */,
				BFB0A90029D28DA7003D3E6E /* Constant.swift in Sources */,
				BFB0A91F29D6B513003D3E6E /* SearchCellViewModel.swift in Sources */,
				BFCF86B329CD56400075D5E6 /* SceneDelegate.swift in Sources */,
				BFB0A90F29D5219A003D3E6E /* SignInViewModel.swift in Sources */,
				BF6E4BCE29D7DB6800D67F22 /* StoreDetailViewController.swift in Sources */,
				BFB0A8F029D13593003D3E6E /* HomeViewModel.swift in Sources */,
				BF6E4BD129D7E9C500D67F22 /* SimpleReviewCell.swift in Sources */,
				BF6E4BCC29D7DB2E00D67F22 /* StoreDetailViewModel.swift in Sources */,
				BFB0A91929D55870003D3E6E /* SearchViewController.swift in Sources */,
				BF6E4BD329D7E9CF00D67F22 /* SimpleReviewCellViewModel.swift in Sources */,
				BF15AB2629D92F4600014E05 /* ReivewListViewModel.swift in Sources */,
				BF15AB3129D93D1600014E05 /* ReviewCellVIewModel.swift in Sources */,
				BFB0A8F229D1359D003D3E6E /* HomeViewController.swift in Sources */,
				BF15AB3729DA62FD00014E05 /* ReviewViewModel.swift in Sources */,
				BFB0A90529D2B9D4003D3E6E /* LoginViewModel.swift in Sources */,
				BFB0A91729D55851003D3E6E /* SearchViewModel.swift in Sources */,
				BFB0A8F629D13AC2003D3E6E /* MainViewController.swift in Sources */,
				BFB0A90A29D2C6A7003D3E6E /* UITextField.swift in Sources */,
			);
			runOnlyForDeploymentPostprocessing = 0;
		};
/* End PBXSourcesBuildPhase section */

/* Begin XCBuildConfiguration section */
		BFCF86BF29CD56410075D5E6 /* Debug */ = {
			isa = XCBuildConfiguration;
			buildSettings = {
				ALWAYS_SEARCH_USER_PATHS = NO;
				CLANG_ANALYZER_NONNULL = YES;
				CLANG_ANALYZER_NUMBER_OBJECT_CONVERSION = YES_AGGRESSIVE;
				CLANG_CXX_LANGUAGE_STANDARD = "gnu++20";
				CLANG_ENABLE_MODULES = YES;
				CLANG_ENABLE_OBJC_ARC = YES;
				CLANG_ENABLE_OBJC_WEAK = YES;
				CLANG_WARN_BLOCK_CAPTURE_AUTORELEASING = YES;
				CLANG_WARN_BOOL_CONVERSION = YES;
				CLANG_WARN_COMMA = YES;
				CLANG_WARN_CONSTANT_CONVERSION = YES;
				CLANG_WARN_DEPRECATED_OBJC_IMPLEMENTATIONS = YES;
				CLANG_WARN_DIRECT_OBJC_ISA_USAGE = YES_ERROR;
				CLANG_WARN_DOCUMENTATION_COMMENTS = YES;
				CLANG_WARN_EMPTY_BODY = YES;
				CLANG_WARN_ENUM_CONVERSION = YES;
				CLANG_WARN_INFINITE_RECURSION = YES;
				CLANG_WARN_INT_CONVERSION = YES;
				CLANG_WARN_NON_LITERAL_NULL_CONVERSION = YES;
				CLANG_WARN_OBJC_IMPLICIT_RETAIN_SELF = YES;
				CLANG_WARN_OBJC_LITERAL_CONVERSION = YES;
				CLANG_WARN_OBJC_ROOT_CLASS = YES_ERROR;
				CLANG_WARN_QUOTED_INCLUDE_IN_FRAMEWORK_HEADER = YES;
				CLANG_WARN_RANGE_LOOP_ANALYSIS = YES;
				CLANG_WARN_STRICT_PROTOTYPES = YES;
				CLANG_WARN_SUSPICIOUS_MOVE = YES;
				CLANG_WARN_UNGUARDED_AVAILABILITY = YES_AGGRESSIVE;
				CLANG_WARN_UNREACHABLE_CODE = YES;
				CLANG_WARN__DUPLICATE_METHOD_MATCH = YES;
				COPY_PHASE_STRIP = NO;
				DEBUG_INFORMATION_FORMAT = dwarf;
				ENABLE_STRICT_OBJC_MSGSEND = YES;
				ENABLE_TESTABILITY = YES;
				GCC_C_LANGUAGE_STANDARD = gnu11;
				GCC_DYNAMIC_NO_PIC = NO;
				GCC_NO_COMMON_BLOCKS = YES;
				GCC_OPTIMIZATION_LEVEL = 0;
				GCC_PREPROCESSOR_DEFINITIONS = (
					"DEBUG=1",
					"$(inherited)",
				);
				GCC_WARN_64_TO_32_BIT_CONVERSION = YES;
				GCC_WARN_ABOUT_RETURN_TYPE = YES_ERROR;
				GCC_WARN_UNDECLARED_SELECTOR = YES;
				GCC_WARN_UNINITIALIZED_AUTOS = YES_AGGRESSIVE;
				GCC_WARN_UNUSED_FUNCTION = YES;
				GCC_WARN_UNUSED_VARIABLE = YES;
				IPHONEOS_DEPLOYMENT_TARGET = 16.2;
				MTL_ENABLE_DEBUG_INFO = INCLUDE_SOURCE;
				MTL_FAST_MATH = YES;
				ONLY_ACTIVE_ARCH = YES;
				SDKROOT = iphoneos;
				SWIFT_ACTIVE_COMPILATION_CONDITIONS = DEBUG;
				SWIFT_OPTIMIZATION_LEVEL = "-Onone";
			};
			name = Debug;
		};
		BFCF86C029CD56410075D5E6 /* Release */ = {
			isa = XCBuildConfiguration;
			buildSettings = {
				ALWAYS_SEARCH_USER_PATHS = NO;
				CLANG_ANALYZER_NONNULL = YES;
				CLANG_ANALYZER_NUMBER_OBJECT_CONVERSION = YES_AGGRESSIVE;
				CLANG_CXX_LANGUAGE_STANDARD = "gnu++20";
				CLANG_ENABLE_MODULES = YES;
				CLANG_ENABLE_OBJC_ARC = YES;
				CLANG_ENABLE_OBJC_WEAK = YES;
				CLANG_WARN_BLOCK_CAPTURE_AUTORELEASING = YES;
				CLANG_WARN_BOOL_CONVERSION = YES;
				CLANG_WARN_COMMA = YES;
				CLANG_WARN_CONSTANT_CONVERSION = YES;
				CLANG_WARN_DEPRECATED_OBJC_IMPLEMENTATIONS = YES;
				CLANG_WARN_DIRECT_OBJC_ISA_USAGE = YES_ERROR;
				CLANG_WARN_DOCUMENTATION_COMMENTS = YES;
				CLANG_WARN_EMPTY_BODY = YES;
				CLANG_WARN_ENUM_CONVERSION = YES;
				CLANG_WARN_INFINITE_RECURSION = YES;
				CLANG_WARN_INT_CONVERSION = YES;
				CLANG_WARN_NON_LITERAL_NULL_CONVERSION = YES;
				CLANG_WARN_OBJC_IMPLICIT_RETAIN_SELF = YES;
				CLANG_WARN_OBJC_LITERAL_CONVERSION = YES;
				CLANG_WARN_OBJC_ROOT_CLASS = YES_ERROR;
				CLANG_WARN_QUOTED_INCLUDE_IN_FRAMEWORK_HEADER = YES;
				CLANG_WARN_RANGE_LOOP_ANALYSIS = YES;
				CLANG_WARN_STRICT_PROTOTYPES = YES;
				CLANG_WARN_SUSPICIOUS_MOVE = YES;
				CLANG_WARN_UNGUARDED_AVAILABILITY = YES_AGGRESSIVE;
				CLANG_WARN_UNREACHABLE_CODE = YES;
				CLANG_WARN__DUPLICATE_METHOD_MATCH = YES;
				COPY_PHASE_STRIP = NO;
				DEBUG_INFORMATION_FORMAT = "dwarf-with-dsym";
				ENABLE_NS_ASSERTIONS = NO;
				ENABLE_STRICT_OBJC_MSGSEND = YES;
				GCC_C_LANGUAGE_STANDARD = gnu11;
				GCC_NO_COMMON_BLOCKS = YES;
				GCC_WARN_64_TO_32_BIT_CONVERSION = YES;
				GCC_WARN_ABOUT_RETURN_TYPE = YES_ERROR;
				GCC_WARN_UNDECLARED_SELECTOR = YES;
				GCC_WARN_UNINITIALIZED_AUTOS = YES_AGGRESSIVE;
				GCC_WARN_UNUSED_FUNCTION = YES;
				GCC_WARN_UNUSED_VARIABLE = YES;
				IPHONEOS_DEPLOYMENT_TARGET = 16.2;
				MTL_ENABLE_DEBUG_INFO = NO;
				MTL_FAST_MATH = YES;
				SDKROOT = iphoneos;
				SWIFT_COMPILATION_MODE = wholemodule;
				SWIFT_OPTIMIZATION_LEVEL = "-O";
				VALIDATE_PRODUCT = YES;
			};
			name = Release;
		};
		BFCF86C229CD56410075D5E6 /* Debug */ = {
			isa = XCBuildConfiguration;
			baseConfigurationReference = AB525C44AF9A47DAD1A7E663 /* Pods-aDreamLeaf.debug.xcconfig */;
			buildSettings = {
				ASSETCATALOG_COMPILER_APPICON_NAME = AppIcon;
				ASSETCATALOG_COMPILER_GLOBAL_ACCENT_COLOR_NAME = AccentColor;
				CODE_SIGN_STYLE = Automatic;
				CURRENT_PROJECT_VERSION = 1;
				DEVELOPMENT_TEAM = KB3R84Q4BQ;
				GENERATE_INFOPLIST_FILE = YES;
				INFOPLIST_FILE = aDreamLeaf/Info.plist;
				INFOPLIST_KEY_UIApplicationSupportsIndirectInputEvents = YES;
				INFOPLIST_KEY_UILaunchStoryboardName = LaunchScreen;
				INFOPLIST_KEY_UIStatusBarHidden = NO;
				INFOPLIST_KEY_UIStatusBarStyle = UIStatusBarStyleDarkContent;
				INFOPLIST_KEY_UISupportedInterfaceOrientations = UIInterfaceOrientationPortrait;
				INFOPLIST_KEY_UISupportedInterfaceOrientations_iPad = "UIInterfaceOrientationLandscapeLeft UIInterfaceOrientationLandscapeRight UIInterfaceOrientationPortrait UIInterfaceOrientationPortraitUpsideDown";
				LD_RUNPATH_SEARCH_PATHS = (
					"$(inherited)",
					"@executable_path/Frameworks",
				);
				MARKETING_VERSION = 1.0;
				PRODUCT_BUNDLE_IDENTIFIER = com.github.suneom.aDreamLeaf;
				PRODUCT_NAME = "$(TARGET_NAME)";
				SUPPORTED_PLATFORMS = "iphoneos iphonesimulator";
				SUPPORTS_MACCATALYST = NO;
				SUPPORTS_MAC_DESIGNED_FOR_IPHONE_IPAD = NO;
				SWIFT_EMIT_LOC_STRINGS = YES;
				SWIFT_VERSION = 5.0;
				TARGETED_DEVICE_FAMILY = 1;
			};
			name = Debug;
		};
		BFCF86C329CD56410075D5E6 /* Release */ = {
			isa = XCBuildConfiguration;
			baseConfigurationReference = E2EF012196A74CB53DF4F89C /* Pods-aDreamLeaf.release.xcconfig */;
			buildSettings = {
				ASSETCATALOG_COMPILER_APPICON_NAME = AppIcon;
				ASSETCATALOG_COMPILER_GLOBAL_ACCENT_COLOR_NAME = AccentColor;
				CODE_SIGN_STYLE = Automatic;
				CURRENT_PROJECT_VERSION = 1;
				DEVELOPMENT_TEAM = KB3R84Q4BQ;
				GENERATE_INFOPLIST_FILE = YES;
				INFOPLIST_FILE = aDreamLeaf/Info.plist;
				INFOPLIST_KEY_UIApplicationSupportsIndirectInputEvents = YES;
				INFOPLIST_KEY_UILaunchStoryboardName = LaunchScreen;
				INFOPLIST_KEY_UIStatusBarHidden = NO;
				INFOPLIST_KEY_UIStatusBarStyle = UIStatusBarStyleDarkContent;
				INFOPLIST_KEY_UISupportedInterfaceOrientations = UIInterfaceOrientationPortrait;
				INFOPLIST_KEY_UISupportedInterfaceOrientations_iPad = "UIInterfaceOrientationLandscapeLeft UIInterfaceOrientationLandscapeRight UIInterfaceOrientationPortrait UIInterfaceOrientationPortraitUpsideDown";
				LD_RUNPATH_SEARCH_PATHS = (
					"$(inherited)",
					"@executable_path/Frameworks",
				);
				MARKETING_VERSION = 1.0;
				PRODUCT_BUNDLE_IDENTIFIER = com.github.suneom.aDreamLeaf;
				PRODUCT_NAME = "$(TARGET_NAME)";
				SUPPORTED_PLATFORMS = "iphoneos iphonesimulator";
				SUPPORTS_MACCATALYST = NO;
				SUPPORTS_MAC_DESIGNED_FOR_IPHONE_IPAD = NO;
				SWIFT_EMIT_LOC_STRINGS = YES;
				SWIFT_VERSION = 5.0;
				TARGETED_DEVICE_FAMILY = 1;
			};
			name = Release;
		};
/* End XCBuildConfiguration section */

/* Begin XCConfigurationList section */
		BFCF86A829CD56400075D5E6 /* Build configuration list for PBXProject "aDreamLeaf" */ = {
			isa = XCConfigurationList;
			buildConfigurations = (
				BFCF86BF29CD56410075D5E6 /* Debug */,
				BFCF86C029CD56410075D5E6 /* Release */,
			);
			defaultConfigurationIsVisible = 0;
			defaultConfigurationName = Release;
		};
		BFCF86C129CD56410075D5E6 /* Build configuration list for PBXNativeTarget "aDreamLeaf" */ = {
			isa = XCConfigurationList;
			buildConfigurations = (
				BFCF86C229CD56410075D5E6 /* Debug */,
				BFCF86C329CD56410075D5E6 /* Release */,
			);
			defaultConfigurationIsVisible = 0;
			defaultConfigurationName = Release;
		};
/* End XCConfigurationList section */
	};
	rootObject = BFCF86A529CD56400075D5E6 /* Project object */;
}
