// !$*UTF8*$!
{
	archiveVersion = 1;
	classes = {
	};
	objectVersion = 56;
	objects = {

/* Begin PBXBuildFile section */
		9F05C7DCF9273327BB618310 /* Pods_aDreamLeaf.framework in Frameworks */ = {isa = PBXBuildFile; fileRef = 17E7A01635688AECBE16ADB3 /* Pods_aDreamLeaf.framework */; };
		BF087EF62A060F3700ADDA13 /* KakaoRepository.swift in Sources */ = {isa = PBXBuildFile; fileRef = BF087EF52A060F3700ADDA13 /* KakaoRepository.swift */; };
		BF09DBB52A19309E0083880F /* StoreNetwork.swift in Sources */ = {isa = PBXBuildFile; fileRef = BF09DBB42A19309E0083880F /* StoreNetwork.swift */; };
		BF09DBB72A1930E40083880F /* Store.swift in Sources */ = {isa = PBXBuildFile; fileRef = BF09DBB62A1930E40083880F /* Store.swift */; };
		BF09DBB92A1931BC0083880F /* StoreRepository.swift in Sources */ = {isa = PBXBuildFile; fileRef = BF09DBB82A1931BC0083880F /* StoreRepository.swift */; };
		BF15AB2629D92F4600014E05 /* ReivewListViewModel.swift in Sources */ = {isa = PBXBuildFile; fileRef = BF15AB2529D92F4600014E05 /* ReivewListViewModel.swift */; };
		BF15AB2829D92F6600014E05 /* ReviewListViewController.swift in Sources */ = {isa = PBXBuildFile; fileRef = BF15AB2729D92F6600014E05 /* ReviewListViewController.swift */; };
		BF15AB2D29D93CEE00014E05 /* ReviewCell.swift in Sources */ = {isa = PBXBuildFile; fileRef = BF15AB2C29D93CEE00014E05 /* ReviewCell.swift */; };
		BF15AB3129D93D1600014E05 /* ReviewCellVIewModel.swift in Sources */ = {isa = PBXBuildFile; fileRef = BF15AB3029D93D1600014E05 /* ReviewCellVIewModel.swift */; };
		BF15AB3729DA62FD00014E05 /* ReviewViewModel.swift in Sources */ = {isa = PBXBuildFile; fileRef = BF15AB3629DA62FD00014E05 /* ReviewViewModel.swift */; };
		BF15AB3929DA631B00014E05 /* ReviewViewController.swift in Sources */ = {isa = PBXBuildFile; fileRef = BF15AB3829DA631B00014E05 /* ReviewViewController.swift */; };
		BF219DC92A021044005DBAC6 /* LocalRestaurantViewModel.swift in Sources */ = {isa = PBXBuildFile; fileRef = BF219DC82A021044005DBAC6 /* LocalRestaurantViewModel.swift */; };
		BF219DCB2A02108B005DBAC6 /* LocalRestaurantViewController.swift in Sources */ = {isa = PBXBuildFile; fileRef = BF219DCA2A02108B005DBAC6 /* LocalRestaurantViewController.swift */; };
		BF219DCE2A034FE0005DBAC6 /* LocationManager.swift in Sources */ = {isa = PBXBuildFile; fileRef = BF219DCD2A034FE0005DBAC6 /* LocationManager.swift */; };
		BF219DD02A060C70005DBAC6 /* KakaoNetwork.swift in Sources */ = {isa = PBXBuildFile; fileRef = BF219DCF2A060C70005DBAC6 /* KakaoNetwork.swift */; };
		BF6439D629ED99EE008DB52A /* LoginRepository.swift in Sources */ = {isa = PBXBuildFile; fileRef = BF6439D529ED99EE008DB52A /* LoginRepository.swift */; };
		BF6439D829ED99FD008DB52A /* LoginNetwork.swift in Sources */ = {isa = PBXBuildFile; fileRef = BF6439D729ED99FD008DB52A /* LoginNetwork.swift */; };
		BF6439DB29EFFE97008DB52A /* UserManager.swift in Sources */ = {isa = PBXBuildFile; fileRef = BF6439DA29EFFE97008DB52A /* UserManager.swift */; };
		BF6439DD29EFFEED008DB52A /* User.swift in Sources */ = {isa = PBXBuildFile; fileRef = BF6439DC29EFFEED008DB52A /* User.swift */; };
		BF6439E329F40CFD008DB52A /* StartViewModel.swift in Sources */ = {isa = PBXBuildFile; fileRef = BF6439E229F40CFD008DB52A /* StartViewModel.swift */; };
		BF6439E529F40D13008DB52A /* StartViewController.swift in Sources */ = {isa = PBXBuildFile; fileRef = BF6439E429F40D13008DB52A /* StartViewController.swift */; };
		BF6761B229DD316600A47207 /* AccountViewModel.swift in Sources */ = {isa = PBXBuildFile; fileRef = BF6761B129DD316600A47207 /* AccountViewModel.swift */; };
		BF6761B429DD31BE00A47207 /* AccountViewController.swift in Sources */ = {isa = PBXBuildFile; fileRef = BF6761B329DD31BE00A47207 /* AccountViewController.swift */; };
		BF6761B729DD33C600A47207 /* UIChartViewController.swift in Sources */ = {isa = PBXBuildFile; fileRef = BF6761B629DD33C600A47207 /* UIChartViewController.swift */; };
		BF6761BA29DD3F0300A47207 /* ExpenditureCellViewModel.swift in Sources */ = {isa = PBXBuildFile; fileRef = BF6761B929DD3F0300A47207 /* ExpenditureCellViewModel.swift */; };
		BF6761BC29DD3F5600A47207 /* ExpenditureCell.swift in Sources */ = {isa = PBXBuildFile; fileRef = BF6761BB29DD3F5600A47207 /* ExpenditureCell.swift */; };
		BF6E4BCC29D7DB2E00D67F22 /* StoreDetailViewModel.swift in Sources */ = {isa = PBXBuildFile; fileRef = BF6E4BCB29D7DB2E00D67F22 /* StoreDetailViewModel.swift */; };
		BF6E4BCE29D7DB6800D67F22 /* StoreDetailViewController.swift in Sources */ = {isa = PBXBuildFile; fileRef = BF6E4BCD29D7DB6800D67F22 /* StoreDetailViewController.swift */; };
		BF6E4BD129D7E9C500D67F22 /* SimpleReviewCell.swift in Sources */ = {isa = PBXBuildFile; fileRef = BF6E4BD029D7E9C500D67F22 /* SimpleReviewCell.swift */; };
		BF6E4BD329D7E9CF00D67F22 /* SimpleReviewCellViewModel.swift in Sources */ = {isa = PBXBuildFile; fileRef = BF6E4BD229D7E9CF00D67F22 /* SimpleReviewCellViewModel.swift */; };
		BF83F17529F7F98600EA07AD /* ProfileNetwork.swift in Sources */ = {isa = PBXBuildFile; fileRef = BF83F17429F7F98600EA07AD /* ProfileNetwork.swift */; };
		BF83F17729F7F9A600EA07AD /* ProfileRepository.swift in Sources */ = {isa = PBXBuildFile; fileRef = BF83F17629F7F9A600EA07AD /* ProfileRepository.swift */; };
		BFB0A8F029D13593003D3E6E /* HomeViewModel.swift in Sources */ = {isa = PBXBuildFile; fileRef = BFB0A8EF29D13593003D3E6E /* HomeViewModel.swift */; };
		BFB0A8F229D1359D003D3E6E /* HomeViewController.swift in Sources */ = {isa = PBXBuildFile; fileRef = BFB0A8F129D1359D003D3E6E /* HomeViewController.swift */; };
		BFB0A8F629D13AC2003D3E6E /* MainViewController.swift in Sources */ = {isa = PBXBuildFile; fileRef = BFB0A8F529D13AC2003D3E6E /* MainViewController.swift */; };
		BFB0A8F829D17737003D3E6E /* LaunchScreen.storyboard in Resources */ = {isa = PBXBuildFile; fileRef = BFB0A8F729D17737003D3E6E /* LaunchScreen.storyboard */; };
		BFB0A8FC29D288FA003D3E6E /* RestaurantCell.swift in Sources */ = {isa = PBXBuildFile; fileRef = BFB0A8FB29D288FA003D3E6E /* RestaurantCell.swift */; };
		BFB0A8FE29D28906003D3E6E /* RestaurantCellViewModel.swift in Sources */ = {isa = PBXBuildFile; fileRef = BFB0A8FD29D28906003D3E6E /* RestaurantCellViewModel.swift */; };
		BFB0A90029D28DA7003D3E6E /* Constant.swift in Sources */ = {isa = PBXBuildFile; fileRef = BFB0A8FF29D28DA7003D3E6E /* Constant.swift */; };
		BFB0A90329D2B9CD003D3E6E /* LoginViewController.swift in Sources */ = {isa = PBXBuildFile; fileRef = BFB0A90229D2B9CD003D3E6E /* LoginViewController.swift */; };
		BFB0A90529D2B9D4003D3E6E /* LoginViewModel.swift in Sources */ = {isa = PBXBuildFile; fileRef = BFB0A90429D2B9D4003D3E6E /* LoginViewModel.swift */; };
		BFB0A90829D2C66D003D3E6E /* UIView.swift in Sources */ = {isa = PBXBuildFile; fileRef = BFB0A90729D2C66D003D3E6E /* UIView.swift */; };
		BFB0A90A29D2C6A7003D3E6E /* UITextField.swift in Sources */ = {isa = PBXBuildFile; fileRef = BFB0A90929D2C6A7003D3E6E /* UITextField.swift */; };
		BFB0A90D29D5217B003D3E6E /* SignUpViewController.swift in Sources */ = {isa = PBXBuildFile; fileRef = BFB0A90C29D5217B003D3E6E /* SignUpViewController.swift */; };
		BFB0A90F29D5219A003D3E6E /* SignUpViewModel.swift in Sources */ = {isa = PBXBuildFile; fileRef = BFB0A90E29D5219A003D3E6E /* SignUpViewModel.swift */; };
		BFB0A91229D550CD003D3E6E /* MyPageViewModel.swift in Sources */ = {isa = PBXBuildFile; fileRef = BFB0A91129D550CD003D3E6E /* MyPageViewModel.swift */; };
		BFB0A91429D550ED003D3E6E /* MyPageViewController.swift in Sources */ = {isa = PBXBuildFile; fileRef = BFB0A91329D550ED003D3E6E /* MyPageViewController.swift */; };
		BFB0A91729D55851003D3E6E /* SearchViewModel.swift in Sources */ = {isa = PBXBuildFile; fileRef = BFB0A91629D55851003D3E6E /* SearchViewModel.swift */; };
		BFB0A91929D55870003D3E6E /* SearchViewController.swift in Sources */ = {isa = PBXBuildFile; fileRef = BFB0A91829D55870003D3E6E /* SearchViewController.swift */; };
		BFB0A91F29D6B513003D3E6E /* SearchCellViewModel.swift in Sources */ = {isa = PBXBuildFile; fileRef = BFB0A91E29D6B513003D3E6E /* SearchCellViewModel.swift */; };
		BFB0A92129D6B53F003D3E6E /* SearchCell.swift in Sources */ = {isa = PBXBuildFile; fileRef = BFB0A92029D6B53F003D3E6E /* SearchCell.swift */; };
		BFBD102B2A1217BB002EE950 /* SignUpResponse.swift in Sources */ = {isa = PBXBuildFile; fileRef = BFBD102A2A1217BB002EE950 /* SignUpResponse.swift */; };
		BFBD102D2A1218C7002EE950 /* GoogleService-Info.plist in Resources */ = {isa = PBXBuildFile; fileRef = BFBD102C2A1218C7002EE950 /* GoogleService-Info.plist */; };
		BFBD102F2A128537002EE950 /* LoginResponse.swift in Sources */ = {isa = PBXBuildFile; fileRef = BFBD102E2A128537002EE950 /* LoginResponse.swift */; };
		BFBD10322A131D5B002EE950 /* PwdResetViewModel.swift in Sources */ = {isa = PBXBuildFile; fileRef = BFBD10312A131D5B002EE950 /* PwdResetViewModel.swift */; };
		BFBD10342A131D7C002EE950 /* PwdResetViewController.swift in Sources */ = {isa = PBXBuildFile; fileRef = BFBD10332A131D7C002EE950 /* PwdResetViewController.swift */; };
		BFBD103E2A163FCB002EE950 /* AccountRepository.swift in Sources */ = {isa = PBXBuildFile; fileRef = BFBD103D2A163FCB002EE950 /* AccountRepository.swift */; };
		BFBD10402A163FD9002EE950 /* AccountNetwork.swift in Sources */ = {isa = PBXBuildFile; fileRef = BFBD103F2A163FD9002EE950 /* AccountNetwork.swift */; };
		BFBD10432A16530B002EE950 /* AccountRequest.swift in Sources */ = {isa = PBXBuildFile; fileRef = BFBD10422A16530B002EE950 /* AccountRequest.swift */; };
		BFBD10452A168C22002EE950 /* Date.swift in Sources */ = {isa = PBXBuildFile; fileRef = BFBD10442A168C22002EE950 /* Date.swift */; };
		BFBD10482A1749FC002EE950 /* BudgetRequest.swift in Sources */ = {isa = PBXBuildFile; fileRef = BFBD10472A1749FC002EE950 /* BudgetRequest.swift */; };
		BFBD10522A18DB98002EE950 /* ExpenditureListRequest.swift in Sources */ = {isa = PBXBuildFile; fileRef = BFBD10512A18DB98002EE950 /* ExpenditureListRequest.swift */; };
		BFBD10542A18DE94002EE950 /* Expenditure.swift in Sources */ = {isa = PBXBuildFile; fileRef = BFBD10532A18DE94002EE950 /* Expenditure.swift */; };
		BFBD10582A192345002EE950 /* UIChartViewModel.swift in Sources */ = {isa = PBXBuildFile; fileRef = BFBD10572A192345002EE950 /* UIChartViewModel.swift */; };
		BFBD105A2A1924E4002EE950 /* AccountSummary.swift in Sources */ = {isa = PBXBuildFile; fileRef = BFBD10592A1924E4002EE950 /* AccountSummary.swift */; };
		BFCC910C29DE92A300A37470 /* NewPaymentViewModel.swift in Sources */ = {isa = PBXBuildFile; fileRef = BFCC910B29DE92A300A37470 /* NewPaymentViewModel.swift */; };
		BFCC910E29DE92B900A37470 /* NewPaymentViewController.swift in Sources */ = {isa = PBXBuildFile; fileRef = BFCC910D29DE92B900A37470 /* NewPaymentViewController.swift */; };
		BFCC911129DE9D6A00A37470 /* Number.swift in Sources */ = {isa = PBXBuildFile; fileRef = BFCC911029DE9D6A00A37470 /* Number.swift */; };
		BFCC911429DEDE1C00A37470 /* AccountSettingViewModel.swift in Sources */ = {isa = PBXBuildFile; fileRef = BFCC911329DEDE1C00A37470 /* AccountSettingViewModel.swift */; };
		BFCC911629DEDE2300A37470 /* AccountSettingViewController.swift in Sources */ = {isa = PBXBuildFile; fileRef = BFCC911529DEDE2300A37470 /* AccountSettingViewController.swift */; };
		BFCF86B129CD56400075D5E6 /* AppDelegate.swift in Sources */ = {isa = PBXBuildFile; fileRef = BFCF86B029CD56400075D5E6 /* AppDelegate.swift */; };
		BFCF86B329CD56400075D5E6 /* SceneDelegate.swift in Sources */ = {isa = PBXBuildFile; fileRef = BFCF86B229CD56400075D5E6 /* SceneDelegate.swift */; };
		BFCF86BA29CD56410075D5E6 /* Assets.xcassets in Resources */ = {isa = PBXBuildFile; fileRef = BFCF86B929CD56410075D5E6 /* Assets.xcassets */; };
		BFEB30CE29ECCAF400590CC0 /* SignUpRepository.swift in Sources */ = {isa = PBXBuildFile; fileRef = BFEB30CD29ECCAF400590CC0 /* SignUpRepository.swift */; };
		BFEB30D129ECCB0100590CC0 /* SignUpNetwork.swift in Sources */ = {isa = PBXBuildFile; fileRef = BFEB30D029ECCB0100590CC0 /* SignUpNetwork.swift */; };
		BFEB30D429ECCBA600590CC0 /* RequestResult.swift in Sources */ = {isa = PBXBuildFile; fileRef = BFEB30D329ECCBA600590CC0 /* RequestResult.swift */; };
		BFF042DD2A1B9447001FCB88 /* ExpenditureDetailViewModel.swift in Sources */ = {isa = PBXBuildFile; fileRef = BFF042DC2A1B9447001FCB88 /* ExpenditureDetailViewModel.swift */; };
		BFF042DF2A1B950D001FCB88 /* ExpenditureDetailViewController.swift in Sources */ = {isa = PBXBuildFile; fileRef = BFF042DE2A1B950D001FCB88 /* ExpenditureDetailViewController.swift */; };
		BFF042E12A1BA13D001FCB88 /* ReviewNetwork.swift in Sources */ = {isa = PBXBuildFile; fileRef = BFF042E02A1BA13D001FCB88 /* ReviewNetwork.swift */; };
		BFF042E32A1BA183001FCB88 /* CreateReviewRequest.swift in Sources */ = {isa = PBXBuildFile; fileRef = BFF042E22A1BA183001FCB88 /* CreateReviewRequest.swift */; };
		BFF042E52A1BA373001FCB88 /* ReviewRepository.swift in Sources */ = {isa = PBXBuildFile; fileRef = BFF042E42A1BA373001FCB88 /* ReviewRepository.swift */; };
		BFF042E72A1BA79D001FCB88 /* Review.swift in Sources */ = {isa = PBXBuildFile; fileRef = BFF042E62A1BA79D001FCB88 /* Review.swift */; };
		BFF042EB2A1BBCE4001FCB88 /* AccountSummaryRequest.swift in Sources */ = {isa = PBXBuildFile; fileRef = BFF042EA2A1BBCE4001FCB88 /* AccountSummaryRequest.swift */; };
		BFF042EE2A2065FB001FCB88 /* ExpenditureRequest.swift in Sources */ = {isa = PBXBuildFile; fileRef = BFF042ED2A2065FB001FCB88 /* ExpenditureRequest.swift */; };
		BFF042F02A2328FB001FCB88 /* AlarmNetwork.swift in Sources */ = {isa = PBXBuildFile; fileRef = BFF042EF2A2328FB001FCB88 /* AlarmNetwork.swift */; };
		BFF042F22A2329EA001FCB88 /* AlarmState.swift in Sources */ = {isa = PBXBuildFile; fileRef = BFF042F12A2329EA001FCB88 /* AlarmState.swift */; };
		BFF042F42A232A97001FCB88 /* AlarmRepository.swift in Sources */ = {isa = PBXBuildFile; fileRef = BFF042F32A232A97001FCB88 /* AlarmRepository.swift */; };
/* End PBXBuildFile section */

/* Begin PBXFileReference section */
		0192F08C6E377D04B56FDC3F /* Pods-aDreamLeaf.debug.xcconfig */ = {isa = PBXFileReference; includeInIndex = 1; lastKnownFileType = text.xcconfig; name = "Pods-aDreamLeaf.debug.xcconfig"; path = "Target Support Files/Pods-aDreamLeaf/Pods-aDreamLeaf.debug.xcconfig"; sourceTree = "<group>"; };
		17E7A01635688AECBE16ADB3 /* Pods_aDreamLeaf.framework */ = {isa = PBXFileReference; explicitFileType = wrapper.framework; includeInIndex = 0; path = Pods_aDreamLeaf.framework; sourceTree = BUILT_PRODUCTS_DIR; };
		A44D9FCDECC8EAD7D6A77BB9 /* Pods-aDreamLeaf.release.xcconfig */ = {isa = PBXFileReference; includeInIndex = 1; lastKnownFileType = text.xcconfig; name = "Pods-aDreamLeaf.release.xcconfig"; path = "Target Support Files/Pods-aDreamLeaf/Pods-aDreamLeaf.release.xcconfig"; sourceTree = "<group>"; };
		BF087EF52A060F3700ADDA13 /* KakaoRepository.swift */ = {isa = PBXFileReference; lastKnownFileType = sourcecode.swift; path = KakaoRepository.swift; sourceTree = "<group>"; };
		BF09DBB42A19309E0083880F /* StoreNetwork.swift */ = {isa = PBXFileReference; lastKnownFileType = sourcecode.swift; path = StoreNetwork.swift; sourceTree = "<group>"; };
		BF09DBB62A1930E40083880F /* Store.swift */ = {isa = PBXFileReference; lastKnownFileType = sourcecode.swift; path = Store.swift; sourceTree = "<group>"; };
		BF09DBB82A1931BC0083880F /* StoreRepository.swift */ = {isa = PBXFileReference; lastKnownFileType = sourcecode.swift; path = StoreRepository.swift; sourceTree = "<group>"; };
		BF15AB2529D92F4600014E05 /* ReivewListViewModel.swift */ = {isa = PBXFileReference; lastKnownFileType = sourcecode.swift; path = ReivewListViewModel.swift; sourceTree = "<group>"; };
		BF15AB2729D92F6600014E05 /* ReviewListViewController.swift */ = {isa = PBXFileReference; lastKnownFileType = sourcecode.swift; path = ReviewListViewController.swift; sourceTree = "<group>"; };
		BF15AB2C29D93CEE00014E05 /* ReviewCell.swift */ = {isa = PBXFileReference; lastKnownFileType = sourcecode.swift; path = ReviewCell.swift; sourceTree = "<group>"; };
		BF15AB3029D93D1600014E05 /* ReviewCellVIewModel.swift */ = {isa = PBXFileReference; lastKnownFileType = sourcecode.swift; path = ReviewCellVIewModel.swift; sourceTree = "<group>"; };
		BF15AB3629DA62FD00014E05 /* ReviewViewModel.swift */ = {isa = PBXFileReference; lastKnownFileType = sourcecode.swift; path = ReviewViewModel.swift; sourceTree = "<group>"; };
		BF15AB3829DA631B00014E05 /* ReviewViewController.swift */ = {isa = PBXFileReference; lastKnownFileType = sourcecode.swift; path = ReviewViewController.swift; sourceTree = "<group>"; };
		BF219DC82A021044005DBAC6 /* LocalRestaurantViewModel.swift */ = {isa = PBXFileReference; lastKnownFileType = sourcecode.swift; path = LocalRestaurantViewModel.swift; sourceTree = "<group>"; };
		BF219DCA2A02108B005DBAC6 /* LocalRestaurantViewController.swift */ = {isa = PBXFileReference; lastKnownFileType = sourcecode.swift; path = LocalRestaurantViewController.swift; sourceTree = "<group>"; };
		BF219DCD2A034FE0005DBAC6 /* LocationManager.swift */ = {isa = PBXFileReference; lastKnownFileType = sourcecode.swift; path = LocationManager.swift; sourceTree = "<group>"; };
		BF219DCF2A060C70005DBAC6 /* KakaoNetwork.swift */ = {isa = PBXFileReference; lastKnownFileType = sourcecode.swift; path = KakaoNetwork.swift; sourceTree = "<group>"; };
		BF6439D529ED99EE008DB52A /* LoginRepository.swift */ = {isa = PBXFileReference; lastKnownFileType = sourcecode.swift; path = LoginRepository.swift; sourceTree = "<group>"; };
		BF6439D729ED99FD008DB52A /* LoginNetwork.swift */ = {isa = PBXFileReference; lastKnownFileType = sourcecode.swift; path = LoginNetwork.swift; sourceTree = "<group>"; };
		BF6439DA29EFFE97008DB52A /* UserManager.swift */ = {isa = PBXFileReference; lastKnownFileType = sourcecode.swift; path = UserManager.swift; sourceTree = "<group>"; };
		BF6439DC29EFFEED008DB52A /* User.swift */ = {isa = PBXFileReference; lastKnownFileType = sourcecode.swift; path = User.swift; sourceTree = "<group>"; };
		BF6439E229F40CFD008DB52A /* StartViewModel.swift */ = {isa = PBXFileReference; lastKnownFileType = sourcecode.swift; path = StartViewModel.swift; sourceTree = "<group>"; };
		BF6439E429F40D13008DB52A /* StartViewController.swift */ = {isa = PBXFileReference; lastKnownFileType = sourcecode.swift; path = StartViewController.swift; sourceTree = "<group>"; };
		BF6761B129DD316600A47207 /* AccountViewModel.swift */ = {isa = PBXFileReference; lastKnownFileType = sourcecode.swift; path = AccountViewModel.swift; sourceTree = "<group>"; };
		BF6761B329DD31BE00A47207 /* AccountViewController.swift */ = {isa = PBXFileReference; lastKnownFileType = sourcecode.swift; path = AccountViewController.swift; sourceTree = "<group>"; };
		BF6761B629DD33C600A47207 /* UIChartViewController.swift */ = {isa = PBXFileReference; lastKnownFileType = sourcecode.swift; path = UIChartViewController.swift; sourceTree = "<group>"; };
		BF6761B929DD3F0300A47207 /* ExpenditureCellViewModel.swift */ = {isa = PBXFileReference; lastKnownFileType = sourcecode.swift; path = ExpenditureCellViewModel.swift; sourceTree = "<group>"; };
		BF6761BB29DD3F5600A47207 /* ExpenditureCell.swift */ = {isa = PBXFileReference; lastKnownFileType = sourcecode.swift; path = ExpenditureCell.swift; sourceTree = "<group>"; };
		BF6E4BCB29D7DB2E00D67F22 /* StoreDetailViewModel.swift */ = {isa = PBXFileReference; lastKnownFileType = sourcecode.swift; path = StoreDetailViewModel.swift; sourceTree = "<group>"; };
		BF6E4BCD29D7DB6800D67F22 /* StoreDetailViewController.swift */ = {isa = PBXFileReference; lastKnownFileType = sourcecode.swift; path = StoreDetailViewController.swift; sourceTree = "<group>"; };
		BF6E4BD029D7E9C500D67F22 /* SimpleReviewCell.swift */ = {isa = PBXFileReference; lastKnownFileType = sourcecode.swift; path = SimpleReviewCell.swift; sourceTree = "<group>"; };
		BF6E4BD229D7E9CF00D67F22 /* SimpleReviewCellViewModel.swift */ = {isa = PBXFileReference; lastKnownFileType = sourcecode.swift; path = SimpleReviewCellViewModel.swift; sourceTree = "<group>"; };
		BF83F17429F7F98600EA07AD /* ProfileNetwork.swift */ = {isa = PBXFileReference; lastKnownFileType = sourcecode.swift; path = ProfileNetwork.swift; sourceTree = "<group>"; };
		BF83F17629F7F9A600EA07AD /* ProfileRepository.swift */ = {isa = PBXFileReference; lastKnownFileType = sourcecode.swift; path = ProfileRepository.swift; sourceTree = "<group>"; };
		BFB0A8EF29D13593003D3E6E /* HomeViewModel.swift */ = {isa = PBXFileReference; lastKnownFileType = sourcecode.swift; path = HomeViewModel.swift; sourceTree = "<group>"; };
		BFB0A8F129D1359D003D3E6E /* HomeViewController.swift */ = {isa = PBXFileReference; lastKnownFileType = sourcecode.swift; path = HomeViewController.swift; sourceTree = "<group>"; };
		BFB0A8F529D13AC2003D3E6E /* MainViewController.swift */ = {isa = PBXFileReference; lastKnownFileType = sourcecode.swift; path = MainViewController.swift; sourceTree = "<group>"; };
		BFB0A8F729D17737003D3E6E /* LaunchScreen.storyboard */ = {isa = PBXFileReference; lastKnownFileType = file.storyboard; path = LaunchScreen.storyboard; sourceTree = "<group>"; };
		BFB0A8FB29D288FA003D3E6E /* RestaurantCell.swift */ = {isa = PBXFileReference; lastKnownFileType = sourcecode.swift; path = RestaurantCell.swift; sourceTree = "<group>"; };
		BFB0A8FD29D28906003D3E6E /* RestaurantCellViewModel.swift */ = {isa = PBXFileReference; lastKnownFileType = sourcecode.swift; path = RestaurantCellViewModel.swift; sourceTree = "<group>"; };
		BFB0A8FF29D28DA7003D3E6E /* Constant.swift */ = {isa = PBXFileReference; lastKnownFileType = sourcecode.swift; path = Constant.swift; sourceTree = "<group>"; };
		BFB0A90229D2B9CD003D3E6E /* LoginViewController.swift */ = {isa = PBXFileReference; lastKnownFileType = sourcecode.swift; path = LoginViewController.swift; sourceTree = "<group>"; };
		BFB0A90429D2B9D4003D3E6E /* LoginViewModel.swift */ = {isa = PBXFileReference; lastKnownFileType = sourcecode.swift; path = LoginViewModel.swift; sourceTree = "<group>"; };
		BFB0A90729D2C66D003D3E6E /* UIView.swift */ = {isa = PBXFileReference; lastKnownFileType = sourcecode.swift; path = UIView.swift; sourceTree = "<group>"; };
		BFB0A90929D2C6A7003D3E6E /* UITextField.swift */ = {isa = PBXFileReference; lastKnownFileType = sourcecode.swift; path = UITextField.swift; sourceTree = "<group>"; };
		BFB0A90C29D5217B003D3E6E /* SignUpViewController.swift */ = {isa = PBXFileReference; lastKnownFileType = sourcecode.swift; path = SignUpViewController.swift; sourceTree = "<group>"; };
		BFB0A90E29D5219A003D3E6E /* SignUpViewModel.swift */ = {isa = PBXFileReference; lastKnownFileType = sourcecode.swift; path = SignUpViewModel.swift; sourceTree = "<group>"; };
		BFB0A91129D550CD003D3E6E /* MyPageViewModel.swift */ = {isa = PBXFileReference; lastKnownFileType = sourcecode.swift; path = MyPageViewModel.swift; sourceTree = "<group>"; };
		BFB0A91329D550ED003D3E6E /* MyPageViewController.swift */ = {isa = PBXFileReference; lastKnownFileType = sourcecode.swift; path = MyPageViewController.swift; sourceTree = "<group>"; };
		BFB0A91629D55851003D3E6E /* SearchViewModel.swift */ = {isa = PBXFileReference; lastKnownFileType = sourcecode.swift; path = SearchViewModel.swift; sourceTree = "<group>"; };
		BFB0A91829D55870003D3E6E /* SearchViewController.swift */ = {isa = PBXFileReference; lastKnownFileType = sourcecode.swift; path = SearchViewController.swift; sourceTree = "<group>"; };
		BFB0A91E29D6B513003D3E6E /* SearchCellViewModel.swift */ = {isa = PBXFileReference; lastKnownFileType = sourcecode.swift; path = SearchCellViewModel.swift; sourceTree = "<group>"; };
		BFB0A92029D6B53F003D3E6E /* SearchCell.swift */ = {isa = PBXFileReference; lastKnownFileType = sourcecode.swift; path = SearchCell.swift; sourceTree = "<group>"; };
		BFBD102A2A1217BB002EE950 /* SignUpResponse.swift */ = {isa = PBXFileReference; lastKnownFileType = sourcecode.swift; path = SignUpResponse.swift; sourceTree = "<group>"; };
		BFBD102C2A1218C7002EE950 /* GoogleService-Info.plist */ = {isa = PBXFileReference; fileEncoding = 4; lastKnownFileType = text.plist.xml; path = "GoogleService-Info.plist"; sourceTree = "<group>"; };
		BFBD102E2A128537002EE950 /* LoginResponse.swift */ = {isa = PBXFileReference; lastKnownFileType = sourcecode.swift; path = LoginResponse.swift; sourceTree = "<group>"; };
		BFBD10312A131D5B002EE950 /* PwdResetViewModel.swift */ = {isa = PBXFileReference; lastKnownFileType = sourcecode.swift; path = PwdResetViewModel.swift; sourceTree = "<group>"; };
		BFBD10332A131D7C002EE950 /* PwdResetViewController.swift */ = {isa = PBXFileReference; lastKnownFileType = sourcecode.swift; path = PwdResetViewController.swift; sourceTree = "<group>"; };
		BFBD103D2A163FCB002EE950 /* AccountRepository.swift */ = {isa = PBXFileReference; lastKnownFileType = sourcecode.swift; path = AccountRepository.swift; sourceTree = "<group>"; };
		BFBD103F2A163FD9002EE950 /* AccountNetwork.swift */ = {isa = PBXFileReference; lastKnownFileType = sourcecode.swift; path = AccountNetwork.swift; sourceTree = "<group>"; };
		BFBD10422A16530B002EE950 /* AccountRequest.swift */ = {isa = PBXFileReference; lastKnownFileType = sourcecode.swift; path = AccountRequest.swift; sourceTree = "<group>"; };
		BFBD10442A168C22002EE950 /* Date.swift */ = {isa = PBXFileReference; lastKnownFileType = sourcecode.swift; path = Date.swift; sourceTree = "<group>"; };
		BFBD10472A1749FC002EE950 /* BudgetRequest.swift */ = {isa = PBXFileReference; lastKnownFileType = sourcecode.swift; path = BudgetRequest.swift; sourceTree = "<group>"; };
		BFBD10512A18DB98002EE950 /* ExpenditureListRequest.swift */ = {isa = PBXFileReference; lastKnownFileType = sourcecode.swift; path = ExpenditureListRequest.swift; sourceTree = "<group>"; };
		BFBD10532A18DE94002EE950 /* Expenditure.swift */ = {isa = PBXFileReference; lastKnownFileType = sourcecode.swift; path = Expenditure.swift; sourceTree = "<group>"; };
		BFBD10572A192345002EE950 /* UIChartViewModel.swift */ = {isa = PBXFileReference; lastKnownFileType = sourcecode.swift; path = UIChartViewModel.swift; sourceTree = "<group>"; };
		BFBD10592A1924E4002EE950 /* AccountSummary.swift */ = {isa = PBXFileReference; lastKnownFileType = sourcecode.swift; path = AccountSummary.swift; sourceTree = "<group>"; };
		BFCC910B29DE92A300A37470 /* NewPaymentViewModel.swift */ = {isa = PBXFileReference; lastKnownFileType = sourcecode.swift; path = NewPaymentViewModel.swift; sourceTree = "<group>"; };
		BFCC910D29DE92B900A37470 /* NewPaymentViewController.swift */ = {isa = PBXFileReference; lastKnownFileType = sourcecode.swift; path = NewPaymentViewController.swift; sourceTree = "<group>"; };
		BFCC911029DE9D6A00A37470 /* Number.swift */ = {isa = PBXFileReference; lastKnownFileType = sourcecode.swift; path = Number.swift; sourceTree = "<group>"; };
		BFCC911329DEDE1C00A37470 /* AccountSettingViewModel.swift */ = {isa = PBXFileReference; lastKnownFileType = sourcecode.swift; path = AccountSettingViewModel.swift; sourceTree = "<group>"; };
		BFCC911529DEDE2300A37470 /* AccountSettingViewController.swift */ = {isa = PBXFileReference; lastKnownFileType = sourcecode.swift; path = AccountSettingViewController.swift; sourceTree = "<group>"; };
		BFCF86AD29CD56400075D5E6 /* aDreamLeaf.app */ = {isa = PBXFileReference; explicitFileType = wrapper.application; includeInIndex = 0; path = aDreamLeaf.app; sourceTree = BUILT_PRODUCTS_DIR; };
		BFCF86B029CD56400075D5E6 /* AppDelegate.swift */ = {isa = PBXFileReference; lastKnownFileType = sourcecode.swift; path = AppDelegate.swift; sourceTree = "<group>"; };
		BFCF86B229CD56400075D5E6 /* SceneDelegate.swift */ = {isa = PBXFileReference; lastKnownFileType = sourcecode.swift; path = SceneDelegate.swift; sourceTree = "<group>"; };
		BFCF86B929CD56410075D5E6 /* Assets.xcassets */ = {isa = PBXFileReference; lastKnownFileType = folder.assetcatalog; path = Assets.xcassets; sourceTree = "<group>"; };
		BFCF86BE29CD56410075D5E6 /* Info.plist */ = {isa = PBXFileReference; lastKnownFileType = text.plist.xml; path = Info.plist; sourceTree = "<group>"; };
		BFEB30CB29EB89D400590CC0 /* aDreamLeaf.entitlements */ = {isa = PBXFileReference; lastKnownFileType = text.plist.entitlements; path = aDreamLeaf.entitlements; sourceTree = "<group>"; };
		BFEB30CD29ECCAF400590CC0 /* SignUpRepository.swift */ = {isa = PBXFileReference; lastKnownFileType = sourcecode.swift; path = SignUpRepository.swift; sourceTree = "<group>"; };
		BFEB30D029ECCB0100590CC0 /* SignUpNetwork.swift */ = {isa = PBXFileReference; lastKnownFileType = sourcecode.swift; path = SignUpNetwork.swift; sourceTree = "<group>"; };
		BFEB30D329ECCBA600590CC0 /* RequestResult.swift */ = {isa = PBXFileReference; lastKnownFileType = sourcecode.swift; path = RequestResult.swift; sourceTree = "<group>"; };
		BFF042DC2A1B9447001FCB88 /* ExpenditureDetailViewModel.swift */ = {isa = PBXFileReference; lastKnownFileType = sourcecode.swift; path = ExpenditureDetailViewModel.swift; sourceTree = "<group>"; };
		BFF042DE2A1B950D001FCB88 /* ExpenditureDetailViewController.swift */ = {isa = PBXFileReference; lastKnownFileType = sourcecode.swift; path = ExpenditureDetailViewController.swift; sourceTree = "<group>"; };
		BFF042E02A1BA13D001FCB88 /* ReviewNetwork.swift */ = {isa = PBXFileReference; lastKnownFileType = sourcecode.swift; path = ReviewNetwork.swift; sourceTree = "<group>"; };
		BFF042E22A1BA183001FCB88 /* CreateReviewRequest.swift */ = {isa = PBXFileReference; lastKnownFileType = sourcecode.swift; path = CreateReviewRequest.swift; sourceTree = "<group>"; };
		BFF042E42A1BA373001FCB88 /* ReviewRepository.swift */ = {isa = PBXFileReference; lastKnownFileType = sourcecode.swift; path = ReviewRepository.swift; sourceTree = "<group>"; };
		BFF042E62A1BA79D001FCB88 /* Review.swift */ = {isa = PBXFileReference; lastKnownFileType = sourcecode.swift; path = Review.swift; sourceTree = "<group>"; };
		BFF042EA2A1BBCE4001FCB88 /* AccountSummaryRequest.swift */ = {isa = PBXFileReference; lastKnownFileType = sourcecode.swift; path = AccountSummaryRequest.swift; sourceTree = "<group>"; };
		BFF042ED2A2065FB001FCB88 /* ExpenditureRequest.swift */ = {isa = PBXFileReference; lastKnownFileType = sourcecode.swift; path = ExpenditureRequest.swift; sourceTree = "<group>"; };
		BFF042EF2A2328FB001FCB88 /* AlarmNetwork.swift */ = {isa = PBXFileReference; lastKnownFileType = sourcecode.swift; path = AlarmNetwork.swift; sourceTree = "<group>"; };
		BFF042F12A2329EA001FCB88 /* AlarmState.swift */ = {isa = PBXFileReference; lastKnownFileType = sourcecode.swift; path = AlarmState.swift; sourceTree = "<group>"; };
		BFF042F32A232A97001FCB88 /* AlarmRepository.swift */ = {isa = PBXFileReference; lastKnownFileType = sourcecode.swift; path = AlarmRepository.swift; sourceTree = "<group>"; };
/* End PBXFileReference section */

/* Begin PBXFrameworksBuildPhase section */
		BFCF86AA29CD56400075D5E6 /* Frameworks */ = {
			isa = PBXFrameworksBuildPhase;
			buildActionMask = 2147483647;
			files = (
				9F05C7DCF9273327BB618310 /* Pods_aDreamLeaf.framework in Frameworks */,
			);
			runOnlyForDeploymentPostprocessing = 0;
		};
/* End PBXFrameworksBuildPhase section */

/* Begin PBXGroup section */
		84C0439267675780D1E6D44D /* Frameworks */ = {
			isa = PBXGroup;
			children = (
				17E7A01635688AECBE16ADB3 /* Pods_aDreamLeaf.framework */,
			);
			name = Frameworks;
			sourceTree = "<group>";
		};
		9D2C06413A16DF0CA62D7221 /* Pods */ = {
			isa = PBXGroup;
			children = (
				0192F08C6E377D04B56FDC3F /* Pods-aDreamLeaf.debug.xcconfig */,
				A44D9FCDECC8EAD7D6A77BB9 /* Pods-aDreamLeaf.release.xcconfig */,
			);
			path = Pods;
			sourceTree = "<group>";
		};
		BF15AB2429D92F2500014E05 /* ReviewList */ = {
			isa = PBXGroup;
			children = (
				BF15AB2529D92F4600014E05 /* ReivewListViewModel.swift */,
				BF15AB2729D92F6600014E05 /* ReviewListViewController.swift */,
			);
			path = ReviewList;
			sourceTree = "<group>";
		};
		BF15AB2929D93C0000014E05 /* ReviewCell */ = {
			isa = PBXGroup;
			children = (
				BF15AB2C29D93CEE00014E05 /* ReviewCell.swift */,
				BF15AB3029D93D1600014E05 /* ReviewCellVIewModel.swift */,
			);
			path = ReviewCell;
			sourceTree = "<group>";
		};
		BF15AB3529DA62F700014E05 /* Review */ = {
			isa = PBXGroup;
			children = (
				BF15AB3629DA62FD00014E05 /* ReviewViewModel.swift */,
				BF15AB3829DA631B00014E05 /* ReviewViewController.swift */,
			);
			path = Review;
			sourceTree = "<group>";
		};
		BF219DC72A021010005DBAC6 /* LocalRestaurant */ = {
			isa = PBXGroup;
			children = (
				BF219DC82A021044005DBAC6 /* LocalRestaurantViewModel.swift */,
				BF219DCA2A02108B005DBAC6 /* LocalRestaurantViewController.swift */,
			);
			path = LocalRestaurant;
			sourceTree = "<group>";
		};
		BF6439D929EFFE8F008DB52A /* User */ = {
			isa = PBXGroup;
			children = (
				BF6439DA29EFFE97008DB52A /* UserManager.swift */,
			);
			path = User;
			sourceTree = "<group>";
		};
		BF6439E129F40CF0008DB52A /* Start */ = {
			isa = PBXGroup;
			children = (
				BF6439E229F40CFD008DB52A /* StartViewModel.swift */,
				BF6439E429F40D13008DB52A /* StartViewController.swift */,
			);
			path = Start;
			sourceTree = "<group>";
		};
		BF6761B029DD315C00A47207 /* Account */ = {
			isa = PBXGroup;
			children = (
				BFF042DB2A1B943A001FCB88 /* ExpenditureDetail */,
				BFCC911229DEDE1200A37470 /* AccountSetting */,
				BFCC910A29DE929600A37470 /* NewPayment */,
				BF6761B129DD316600A47207 /* AccountViewModel.swift */,
				BF6761B329DD31BE00A47207 /* AccountViewController.swift */,
			);
			path = Account;
			sourceTree = "<group>";
		};
		BF6761B529DD33B700A47207 /* ChartView */ = {
			isa = PBXGroup;
			children = (
				BF6761B629DD33C600A47207 /* UIChartViewController.swift */,
				BFBD10572A192345002EE950 /* UIChartViewModel.swift */,
			);
			path = ChartView;
			sourceTree = "<group>";
		};
		BF6761B829DD3ECF00A47207 /* ExpenditureCell */ = {
			isa = PBXGroup;
			children = (
				BF6761B929DD3F0300A47207 /* ExpenditureCellViewModel.swift */,
				BF6761BB29DD3F5600A47207 /* ExpenditureCell.swift */,
			);
			path = ExpenditureCell;
			sourceTree = "<group>";
		};
		BF6E4BCA29D7DB1F00D67F22 /* StoreDetail */ = {
			isa = PBXGroup;
			children = (
				BF6E4BCB29D7DB2E00D67F22 /* StoreDetailViewModel.swift */,
				BF6E4BCD29D7DB6800D67F22 /* StoreDetailViewController.swift */,
				BF15AB2429D92F2500014E05 /* ReviewList */,
			);
			path = StoreDetail;
			sourceTree = "<group>";
		};
		BF6E4BCF29D7E9AA00D67F22 /* SimpleReviewCell */ = {
			isa = PBXGroup;
			children = (
				BF6E4BD029D7E9C500D67F22 /* SimpleReviewCell.swift */,
				BF6E4BD229D7E9CF00D67F22 /* SimpleReviewCellViewModel.swift */,
			);
			path = SimpleReviewCell;
			sourceTree = "<group>";
		};
		BFB0A8ED29D13577003D3E6E /* Presentation */ = {
			isa = PBXGroup;
			children = (
				BF6439E129F40CF0008DB52A /* Start */,
				BF15AB3529DA62F700014E05 /* Review */,
				BF6E4BCA29D7DB1F00D67F22 /* StoreDetail */,
				BFB0A91C29D6B4F2003D3E6E /* Components */,
				BFB0A91029D550C0003D3E6E /* MyPage */,
				BFB0A90B29D52166003D3E6E /* SignUp */,
				BFB0A90129D2B9BF003D3E6E /* Login */,
				BFB0A8EE29D13586003D3E6E /* Main */,
			);
			path = Presentation;
			sourceTree = "<group>";
		};
		BFB0A8EE29D13586003D3E6E /* Main */ = {
			isa = PBXGroup;
			children = (
				BF6761B029DD315C00A47207 /* Account */,
				BFB0A91529D55844003D3E6E /* Search */,
				BFB0A8F429D13AB6003D3E6E /* Home */,
				BFB0A8F529D13AC2003D3E6E /* MainViewController.swift */,
			);
			path = Main;
			sourceTree = "<group>";
		};
		BFB0A8F329D13715003D3E6E /* Delegate */ = {
			isa = PBXGroup;
			children = (
				BFCF86B029CD56400075D5E6 /* AppDelegate.swift */,
				BFCF86B229CD56400075D5E6 /* SceneDelegate.swift */,
			);
			path = Delegate;
			sourceTree = "<group>";
		};
		BFB0A8F429D13AB6003D3E6E /* Home */ = {
			isa = PBXGroup;
			children = (
				BF219DC72A021010005DBAC6 /* LocalRestaurant */,
				BFB0A8EF29D13593003D3E6E /* HomeViewModel.swift */,
				BFB0A8F129D1359D003D3E6E /* HomeViewController.swift */,
			);
			path = Home;
			sourceTree = "<group>";
		};
		BFB0A8F929D288AF003D3E6E /* RestaurantCell */ = {
			isa = PBXGroup;
			children = (
				BFB0A8FB29D288FA003D3E6E /* RestaurantCell.swift */,
				BFB0A8FD29D28906003D3E6E /* RestaurantCellViewModel.swift */,
			);
			path = RestaurantCell;
			sourceTree = "<group>";
		};
		BFB0A90129D2B9BF003D3E6E /* Login */ = {
			isa = PBXGroup;
			children = (
				BFBD10302A131D41002EE950 /* PwdReset */,
				BFB0A90229D2B9CD003D3E6E /* LoginViewController.swift */,
				BFB0A90429D2B9D4003D3E6E /* LoginViewModel.swift */,
			);
			path = Login;
			sourceTree = "<group>";
		};
		BFB0A90629D2C664003D3E6E /* Extension */ = {
			isa = PBXGroup;
			children = (
				BFB0A90729D2C66D003D3E6E /* UIView.swift */,
				BFB0A90929D2C6A7003D3E6E /* UITextField.swift */,
			);
			path = Extension;
			sourceTree = "<group>";
		};
		BFB0A90B29D52166003D3E6E /* SignUp */ = {
			isa = PBXGroup;
			children = (
				BFB0A90C29D5217B003D3E6E /* SignUpViewController.swift */,
				BFB0A90E29D5219A003D3E6E /* SignUpViewModel.swift */,
			);
			path = SignUp;
			sourceTree = "<group>";
		};
		BFB0A91029D550C0003D3E6E /* MyPage */ = {
			isa = PBXGroup;
			children = (
				BFB0A91129D550CD003D3E6E /* MyPageViewModel.swift */,
				BFB0A91329D550ED003D3E6E /* MyPageViewController.swift */,
			);
			path = MyPage;
			sourceTree = "<group>";
		};
		BFB0A91529D55844003D3E6E /* Search */ = {
			isa = PBXGroup;
			children = (
				BFB0A91629D55851003D3E6E /* SearchViewModel.swift */,
				BFB0A91829D55870003D3E6E /* SearchViewController.swift */,
			);
			path = Search;
			sourceTree = "<group>";
		};
		BFB0A91C29D6B4F2003D3E6E /* Components */ = {
			isa = PBXGroup;
			children = (
				BF6761B529DD33B700A47207 /* ChartView */,
				BF6761B829DD3ECF00A47207 /* ExpenditureCell */,
				BF15AB2929D93C0000014E05 /* ReviewCell */,
				BF6E4BCF29D7E9AA00D67F22 /* SimpleReviewCell */,
				BFB0A91D29D6B4FE003D3E6E /* SearchCell */,
				BFB0A8F929D288AF003D3E6E /* RestaurantCell */,
			);
			path = Components;
			sourceTree = "<group>";
		};
		BFB0A91D29D6B4FE003D3E6E /* SearchCell */ = {
			isa = PBXGroup;
			children = (
				BFB0A92029D6B53F003D3E6E /* SearchCell.swift */,
				BFB0A91E29D6B513003D3E6E /* SearchCellViewModel.swift */,
			);
			path = SearchCell;
			sourceTree = "<group>";
		};
		BFBD10292A1217B0002EE950 /* Response */ = {
			isa = PBXGroup;
			children = (
				BFBD102A2A1217BB002EE950 /* SignUpResponse.swift */,
				BFBD102E2A128537002EE950 /* LoginResponse.swift */,
			);
			path = Response;
			sourceTree = "<group>";
		};
		BFBD10302A131D41002EE950 /* PwdReset */ = {
			isa = PBXGroup;
			children = (
				BFBD10312A131D5B002EE950 /* PwdResetViewModel.swift */,
				BFBD10332A131D7C002EE950 /* PwdResetViewController.swift */,
			);
			path = PwdReset;
			sourceTree = "<group>";
		};
		BFBD10412A1652FE002EE950 /* Request */ = {
			isa = PBXGroup;
			children = (
				BFF042EC2A1BC431001FCB88 /* Review */,
				BFBD10462A1749E8002EE950 /* Account */,
			);
			path = Request;
			sourceTree = "<group>";
		};
		BFBD10462A1749E8002EE950 /* Account */ = {
			isa = PBXGroup;
			children = (
				BFBD10422A16530B002EE950 /* AccountRequest.swift */,
				BFBD10472A1749FC002EE950 /* BudgetRequest.swift */,
				BFBD10512A18DB98002EE950 /* ExpenditureListRequest.swift */,
				BFF042EA2A1BBCE4001FCB88 /* AccountSummaryRequest.swift */,
				BFF042ED2A2065FB001FCB88 /* ExpenditureRequest.swift */,
			);
			path = Account;
			sourceTree = "<group>";
		};
		BFCC910A29DE929600A37470 /* NewPayment */ = {
			isa = PBXGroup;
			children = (
				BFCC910B29DE92A300A37470 /* NewPaymentViewModel.swift */,
				BFCC910D29DE92B900A37470 /* NewPaymentViewController.swift */,
			);
			path = NewPayment;
			sourceTree = "<group>";
		};
		BFCC910F29DE9D6300A37470 /* Util */ = {
			isa = PBXGroup;
			children = (
				BFCC911029DE9D6A00A37470 /* Number.swift */,
				BFBD10442A168C22002EE950 /* Date.swift */,
				BF219DCD2A034FE0005DBAC6 /* LocationManager.swift */,
			);
			path = Util;
			sourceTree = "<group>";
		};
		BFCC911229DEDE1200A37470 /* AccountSetting */ = {
			isa = PBXGroup;
			children = (
				BFCC911329DEDE1C00A37470 /* AccountSettingViewModel.swift */,
				BFCC911529DEDE2300A37470 /* AccountSettingViewController.swift */,
			);
			path = AccountSetting;
			sourceTree = "<group>";
		};
		BFCF86A429CD56400075D5E6 = {
			isa = PBXGroup;
			children = (
				BFCF86AF29CD56400075D5E6 /* aDreamLeaf */,
				BFCF86AE29CD56400075D5E6 /* Products */,
				9D2C06413A16DF0CA62D7221 /* Pods */,
				84C0439267675780D1E6D44D /* Frameworks */,
			);
			sourceTree = "<group>";
		};
		BFCF86AE29CD56400075D5E6 /* Products */ = {
			isa = PBXGroup;
			children = (
				BFCF86AD29CD56400075D5E6 /* aDreamLeaf.app */,
			);
			name = Products;
			sourceTree = "<group>";
		};
		BFCF86AF29CD56400075D5E6 /* aDreamLeaf */ = {
			isa = PBXGroup;
			children = (
				BF6439D929EFFE8F008DB52A /* User */,
				BFEB30D229ECCB9F00590CC0 /* Entity */,
				BFEB30CF29ECCAF700590CC0 /* Network */,
				BFEB30CC29ECCAE200590CC0 /* Repository */,
				BFEB30CB29EB89D400590CC0 /* aDreamLeaf.entitlements */,
				BFCC910F29DE9D6300A37470 /* Util */,
				BFB0A90629D2C664003D3E6E /* Extension */,
				BFB0A8ED29D13577003D3E6E /* Presentation */,
				BFB0A8F329D13715003D3E6E /* Delegate */,
				BFCF86B929CD56410075D5E6 /* Assets.xcassets */,
				BFCF86BE29CD56410075D5E6 /* Info.plist */,
				BFB0A8F729D17737003D3E6E /* LaunchScreen.storyboard */,
				BFBD102C2A1218C7002EE950 /* GoogleService-Info.plist */,
				BFB0A8FF29D28DA7003D3E6E /* Constant.swift */,
			);
			path = aDreamLeaf;
			sourceTree = "<group>";
		};
		BFEB30CC29ECCAE200590CC0 /* Repository */ = {
			isa = PBXGroup;
			children = (
				BFEB30CD29ECCAF400590CC0 /* SignUpRepository.swift */,
				BF6439D529ED99EE008DB52A /* LoginRepository.swift */,
				BF83F17629F7F9A600EA07AD /* ProfileRepository.swift */,
				BFBD103D2A163FCB002EE950 /* AccountRepository.swift */,
				BF087EF52A060F3700ADDA13 /* KakaoRepository.swift */,
				BF09DBB82A1931BC0083880F /* StoreRepository.swift */,
				BFF042E42A1BA373001FCB88 /* ReviewRepository.swift */,
				BFF042F32A232A97001FCB88 /* AlarmRepository.swift */,
			);
			path = Repository;
			sourceTree = "<group>";
		};
		BFEB30CF29ECCAF700590CC0 /* Network */ = {
			isa = PBXGroup;
			children = (
				BFEB30D029ECCB0100590CC0 /* SignUpNetwork.swift */,
				BF6439D729ED99FD008DB52A /* LoginNetwork.swift */,
				BF83F17429F7F98600EA07AD /* ProfileNetwork.swift */,
				BFBD103F2A163FD9002EE950 /* AccountNetwork.swift */,
				BF219DCF2A060C70005DBAC6 /* KakaoNetwork.swift */,
				BF09DBB42A19309E0083880F /* StoreNetwork.swift */,
				BFF042E02A1BA13D001FCB88 /* ReviewNetwork.swift */,
				BFF042EF2A2328FB001FCB88 /* AlarmNetwork.swift */,
			);
			path = Network;
			sourceTree = "<group>";
		};
		BFEB30D229ECCB9F00590CC0 /* Entity */ = {
			isa = PBXGroup;
			children = (
				BFBD10412A1652FE002EE950 /* Request */,
				BFBD10292A1217B0002EE950 /* Response */,
				BF6439DC29EFFEED008DB52A /* User.swift */,
				BFEB30D329ECCBA600590CC0 /* RequestResult.swift */,
				BFBD10532A18DE94002EE950 /* Expenditure.swift */,
				BFBD10592A1924E4002EE950 /* AccountSummary.swift */,
				BF09DBB62A1930E40083880F /* Store.swift */,
				BFF042E62A1BA79D001FCB88 /* Review.swift */,
				BFF042F12A2329EA001FCB88 /* AlarmState.swift */,
			);
			path = Entity;
			sourceTree = "<group>";
		};
		BFF042DB2A1B943A001FCB88 /* ExpenditureDetail */ = {
			isa = PBXGroup;
			children = (
				BFF042DC2A1B9447001FCB88 /* ExpenditureDetailViewModel.swift */,
				BFF042DE2A1B950D001FCB88 /* ExpenditureDetailViewController.swift */,
			);
			path = ExpenditureDetail;
			sourceTree = "<group>";
		};
		BFF042EC2A1BC431001FCB88 /* Review */ = {
			isa = PBXGroup;
			children = (
				BFF042E22A1BA183001FCB88 /* CreateReviewRequest.swift */,
			);
			path = Review;
			sourceTree = "<group>";
		};
/* End PBXGroup section */

/* Begin PBXNativeTarget section */
		BFCF86AC29CD56400075D5E6 /* aDreamLeaf */ = {
			isa = PBXNativeTarget;
			buildConfigurationList = BFCF86C129CD56410075D5E6 /* Build configuration list for PBXNativeTarget "aDreamLeaf" */;
			buildPhases = (
				AEF2451555F7D02AC8F78B77 /* [CP] Check Pods Manifest.lock */,
				BFCF86A929CD56400075D5E6 /* Sources */,
				BFCF86AA29CD56400075D5E6 /* Frameworks */,
				BFCF86AB29CD56400075D5E6 /* Resources */,
				2406031F154CCE6A46E800F9 /* [CP] Embed Pods Frameworks */,
			);
			buildRules = (
			);
			dependencies = (
			);
			name = aDreamLeaf;
			productName = aDreamLeaf;
			productReference = BFCF86AD29CD56400075D5E6 /* aDreamLeaf.app */;
			productType = "com.apple.product-type.application";
		};
/* End PBXNativeTarget section */

/* Begin PBXProject section */
		BFCF86A529CD56400075D5E6 /* Project object */ = {
			isa = PBXProject;
			attributes = {
				BuildIndependentTargetsInParallel = 1;
				LastSwiftUpdateCheck = 1420;
				LastUpgradeCheck = 1420;
				TargetAttributes = {
					BFCF86AC29CD56400075D5E6 = {
						CreatedOnToolsVersion = 14.2;
					};
				};
			};
			buildConfigurationList = BFCF86A829CD56400075D5E6 /* Build configuration list for PBXProject "aDreamLeaf" */;
			compatibilityVersion = "Xcode 14.0";
			developmentRegion = en;
			hasScannedForEncodings = 0;
			knownRegions = (
				en,
				Base,
			);
			mainGroup = BFCF86A429CD56400075D5E6;
			productRefGroup = BFCF86AE29CD56400075D5E6 /* Products */;
			projectDirPath = "";
			projectRoot = "";
			targets = (
				BFCF86AC29CD56400075D5E6 /* aDreamLeaf */,
			);
		};
/* End PBXProject section */

/* Begin PBXResourcesBuildPhase section */
		BFCF86AB29CD56400075D5E6 /* Resources */ = {
			isa = PBXResourcesBuildPhase;
			buildActionMask = 2147483647;
			files = (
				BFCF86BA29CD56410075D5E6 /* Assets.xcassets in Resources */,
				BFB0A8F829D17737003D3E6E /* LaunchScreen.storyboard in Resources */,
				BFBD102D2A1218C7002EE950 /* GoogleService-Info.plist in Resources */,
			);
			runOnlyForDeploymentPostprocessing = 0;
		};
/* End PBXResourcesBuildPhase section */

/* Begin PBXShellScriptBuildPhase section */
		2406031F154CCE6A46E800F9 /* [CP] Embed Pods Frameworks */ = {
			isa = PBXShellScriptBuildPhase;
			buildActionMask = 2147483647;
			files = (
			);
			inputFileListPaths = (
				"${PODS_ROOT}/Target Support Files/Pods-aDreamLeaf/Pods-aDreamLeaf-frameworks-${CONFIGURATION}-input-files.xcfilelist",
			);
			name = "[CP] Embed Pods Frameworks";
			outputFileListPaths = (
				"${PODS_ROOT}/Target Support Files/Pods-aDreamLeaf/Pods-aDreamLeaf-frameworks-${CONFIGURATION}-output-files.xcfilelist",
			);
			runOnlyForDeploymentPostprocessing = 0;
			shellPath = /bin/sh;
			shellScript = "\"${PODS_ROOT}/Target Support Files/Pods-aDreamLeaf/Pods-aDreamLeaf-frameworks.sh\"\n";
			showEnvVarsInLog = 0;
		};
		AEF2451555F7D02AC8F78B77 /* [CP] Check Pods Manifest.lock */ = {
			isa = PBXShellScriptBuildPhase;
			buildActionMask = 2147483647;
			files = (
			);
			inputFileListPaths = (
			);
			inputPaths = (
				"${PODS_PODFILE_DIR_PATH}/Podfile.lock",
				"${PODS_ROOT}/Manifest.lock",
			);
			name = "[CP] Check Pods Manifest.lock";
			outputFileListPaths = (
			);
			outputPaths = (
				"$(DERIVED_FILE_DIR)/Pods-aDreamLeaf-checkManifestLockResult.txt",
			);
			runOnlyForDeploymentPostprocessing = 0;
			shellPath = /bin/sh;
			shellScript = "diff \"${PODS_PODFILE_DIR_PATH}/Podfile.lock\" \"${PODS_ROOT}/Manifest.lock\" > /dev/null\nif [ $? != 0 ] ; then\n    # print error to STDERR\n    echo \"error: The sandbox is not in sync with the Podfile.lock. Run 'pod install' or update your CocoaPods installation.\" >&2\n    exit 1\nfi\n# This output is used by Xcode 'outputs' to avoid re-running this script phase.\necho \"SUCCESS\" > \"${SCRIPT_OUTPUT_FILE_0}\"\n";
			showEnvVarsInLog = 0;
		};
/* End PBXShellScriptBuildPhase section */

/* Begin PBXSourcesBuildPhase section */
		BFCF86A929CD56400075D5E6 /* Sources */ = {
			isa = PBXSourcesBuildPhase;
			buildActionMask = 2147483647;
			files = (
				BFB0A90329D2B9CD003D3E6E /* LoginViewController.swift in Sources */,
				BFB0A92129D6B53F003D3E6E /* SearchCell.swift in Sources */,
				BF6439DD29EFFEED008DB52A /* User.swift in Sources */,
				BFCC910E29DE92B900A37470 /* NewPaymentViewController.swift in Sources */,
				BF6761B429DD31BE00A47207 /* AccountViewController.swift in Sources */,
				BF15AB3929DA631B00014E05 /* ReviewViewController.swift in Sources */,
				BFF042F02A2328FB001FCB88 /* AlarmNetwork.swift in Sources */,
				BF15AB2829D92F6600014E05 /* ReviewListViewController.swift in Sources */,
				BF6761BC29DD3F5600A47207 /* ExpenditureCell.swift in Sources */,
				BFB0A8FC29D288FA003D3E6E /* RestaurantCell.swift in Sources */,
				BFBD10542A18DE94002EE950 /* Expenditure.swift in Sources */,
				BF15AB2D29D93CEE00014E05 /* ReviewCell.swift in Sources */,
				BFCC911429DEDE1C00A37470 /* AccountSettingViewModel.swift in Sources */,
				BFBD10452A168C22002EE950 /* Date.swift in Sources */,
				BFB0A91229D550CD003D3E6E /* MyPageViewModel.swift in Sources */,
				BFF042EB2A1BBCE4001FCB88 /* AccountSummaryRequest.swift in Sources */,
				BF219DCE2A034FE0005DBAC6 /* LocationManager.swift in Sources */,
				BFB0A90829D2C66D003D3E6E /* UIView.swift in Sources */,
				BFB0A8FE29D28906003D3E6E /* RestaurantCellViewModel.swift in Sources */,
				BFBD10482A1749FC002EE950 /* BudgetRequest.swift in Sources */,
				BFCC911129DE9D6A00A37470 /* Number.swift in Sources */,
				BFCF86B129CD56400075D5E6 /* AppDelegate.swift in Sources */,
				BFB0A90D29D5217B003D3E6E /* SignUpViewController.swift in Sources */,
				BFB0A91429D550ED003D3E6E /* MyPageViewController.swift in Sources */,
				BFBD10342A131D7C002EE950 /* PwdResetViewController.swift in Sources */,
				BFB0A90029D28DA7003D3E6E /* Constant.swift in Sources */,
				BFEB30D129ECCB0100590CC0 /* SignUpNetwork.swift in Sources */,
				BFBD10402A163FD9002EE950 /* AccountNetwork.swift in Sources */,
				BFB0A91F29D6B513003D3E6E /* SearchCellViewModel.swift in Sources */,
				BF219DD02A060C70005DBAC6 /* KakaoNetwork.swift in Sources */,
				BFCC911629DEDE2300A37470 /* AccountSettingViewController.swift in Sources */,
				BFBD102B2A1217BB002EE950 /* SignUpResponse.swift in Sources */,
				BFCF86B329CD56400075D5E6 /* SceneDelegate.swift in Sources */,
				BFBD10582A192345002EE950 /* UIChartViewModel.swift in Sources */,
				BF6761B229DD316600A47207 /* AccountViewModel.swift in Sources */,
				BFB0A90F29D5219A003D3E6E /* SignUpViewModel.swift in Sources */,
				BFF042F42A232A97001FCB88 /* AlarmRepository.swift in Sources */,
				BF6E4BCE29D7DB6800D67F22 /* StoreDetailViewController.swift in Sources */,
				BFCC910C29DE92A300A37470 /* NewPaymentViewModel.swift in Sources */,
				BFB0A8F029D13593003D3E6E /* HomeViewModel.swift in Sources */,
				BFBD105A2A1924E4002EE950 /* AccountSummary.swift in Sources */,
				BF6439E329F40CFD008DB52A /* StartViewModel.swift in Sources */,
				BFF042E72A1BA79D001FCB88 /* Review.swift in Sources */,
				BF6E4BD129D7E9C500D67F22 /* SimpleReviewCell.swift in Sources */,
				BF83F17529F7F98600EA07AD /* ProfileNetwork.swift in Sources */,
				BF6439D829ED99FD008DB52A /* LoginNetwork.swift in Sources */,
				BFBD10432A16530B002EE950 /* AccountRequest.swift in Sources */,
				BF6E4BCC29D7DB2E00D67F22 /* StoreDetailViewModel.swift in Sources */,
				BF6439DB29EFFE97008DB52A /* UserManager.swift in Sources */,
				BF6439D629ED99EE008DB52A /* LoginRepository.swift in Sources */,
				BFEB30D429ECCBA600590CC0 /* RequestResult.swift in Sources */,
				BFB0A91929D55870003D3E6E /* SearchViewController.swift in Sources */,
				BF6E4BD329D7E9CF00D67F22 /* SimpleReviewCellViewModel.swift in Sources */,
				BF087EF62A060F3700ADDA13 /* KakaoRepository.swift in Sources */,
				BF09DBB92A1931BC0083880F /* StoreRepository.swift in Sources */,
				BFF042E32A1BA183001FCB88 /* CreateReviewRequest.swift in Sources */,
				BF219DCB2A02108B005DBAC6 /* LocalRestaurantViewController.swift in Sources */,
				BF15AB2629D92F4600014E05 /* ReivewListViewModel.swift in Sources */,
				BFBD102F2A128537002EE950 /* LoginResponse.swift in Sources */,
				BF15AB3129D93D1600014E05 /* ReviewCellVIewModel.swift in Sources */,
				BFB0A8F229D1359D003D3E6E /* HomeViewController.swift in Sources */,
				BFBD10322A131D5B002EE950 /* PwdResetViewModel.swift in Sources */,
				BFF042F22A2329EA001FCB88 /* AlarmState.swift in Sources */,
				BF15AB3729DA62FD00014E05 /* ReviewViewModel.swift in Sources */,
				BF6761BA29DD3F0300A47207 /* ExpenditureCellViewModel.swift in Sources */,
				BFEB30CE29ECCAF400590CC0 /* SignUpRepository.swift in Sources */,
				BFF042DD2A1B9447001FCB88 /* ExpenditureDetailViewModel.swift in Sources */,
				BFB0A90529D2B9D4003D3E6E /* LoginViewModel.swift in Sources */,
				BF6439E529F40D13008DB52A /* StartViewController.swift in Sources */,
				BFBD10522A18DB98002EE950 /* ExpenditureListRequest.swift in Sources */,
				BF09DBB52A19309E0083880F /* StoreNetwork.swift in Sources */,
				BFBD103E2A163FCB002EE950 /* AccountRepository.swift in Sources */,
				BF6761B729DD33C600A47207 /* UIChartViewController.swift in Sources */,
				BFF042DF2A1B950D001FCB88 /* ExpenditureDetailViewController.swift in Sources */,
				BFB0A91729D55851003D3E6E /* SearchViewModel.swift in Sources */,
				BF219DC92A021044005DBAC6 /* LocalRestaurantViewModel.swift in Sources */,
				BFF042EE2A2065FB001FCB88 /* ExpenditureRequest.swift in Sources */,
				BFF042E12A1BA13D001FCB88 /* ReviewNetwork.swift in Sources */,
				BFB0A8F629D13AC2003D3E6E /* MainViewController.swift in Sources */,
				BFB0A90A29D2C6A7003D3E6E /* UITextField.swift in Sources */,
				BF09DBB72A1930E40083880F /* Store.swift in Sources */,
				BF83F17729F7F9A600EA07AD /* ProfileRepository.swift in Sources */,
				BFF042E52A1BA373001FCB88 /* ReviewRepository.swift in Sources */,
			);
			runOnlyForDeploymentPostprocessing = 0;
		};
/* End PBXSourcesBuildPhase section */

/* Begin XCBuildConfiguration section */
		BFCF86BF29CD56410075D5E6 /* Debug */ = {
			isa = XCBuildConfiguration;
			buildSettings = {
				ALWAYS_SEARCH_USER_PATHS = NO;
				CLANG_ANALYZER_NONNULL = YES;
				CLANG_ANALYZER_NUMBER_OBJECT_CONVERSION = YES_AGGRESSIVE;
				CLANG_CXX_LANGUAGE_STANDARD = "gnu++20";
				CLANG_ENABLE_MODULES = YES;
				CLANG_ENABLE_OBJC_ARC = YES;
				CLANG_ENABLE_OBJC_WEAK = YES;
				CLANG_WARN_BLOCK_CAPTURE_AUTORELEASING = YES;
				CLANG_WARN_BOOL_CONVERSION = YES;
				CLANG_WARN_COMMA = YES;
				CLANG_WARN_CONSTANT_CONVERSION = YES;
				CLANG_WARN_DEPRECATED_OBJC_IMPLEMENTATIONS = YES;
				CLANG_WARN_DIRECT_OBJC_ISA_USAGE = YES_ERROR;
				CLANG_WARN_DOCUMENTATION_COMMENTS = YES;
				CLANG_WARN_EMPTY_BODY = YES;
				CLANG_WARN_ENUM_CONVERSION = YES;
				CLANG_WARN_INFINITE_RECURSION = YES;
				CLANG_WARN_INT_CONVERSION = YES;
				CLANG_WARN_NON_LITERAL_NULL_CONVERSION = YES;
				CLANG_WARN_OBJC_IMPLICIT_RETAIN_SELF = YES;
				CLANG_WARN_OBJC_LITERAL_CONVERSION = YES;
				CLANG_WARN_OBJC_ROOT_CLASS = YES_ERROR;
				CLANG_WARN_QUOTED_INCLUDE_IN_FRAMEWORK_HEADER = YES;
				CLANG_WARN_RANGE_LOOP_ANALYSIS = YES;
				CLANG_WARN_STRICT_PROTOTYPES = YES;
				CLANG_WARN_SUSPICIOUS_MOVE = YES;
				CLANG_WARN_UNGUARDED_AVAILABILITY = YES_AGGRESSIVE;
				CLANG_WARN_UNREACHABLE_CODE = YES;
				CLANG_WARN__DUPLICATE_METHOD_MATCH = YES;
				COPY_PHASE_STRIP = NO;
				DEBUG_INFORMATION_FORMAT = dwarf;
				ENABLE_STRICT_OBJC_MSGSEND = YES;
				ENABLE_TESTABILITY = YES;
				GCC_C_LANGUAGE_STANDARD = gnu11;
				GCC_DYNAMIC_NO_PIC = NO;
				GCC_NO_COMMON_BLOCKS = YES;
				GCC_OPTIMIZATION_LEVEL = 0;
				GCC_PREPROCESSOR_DEFINITIONS = (
					"DEBUG=1",
					"$(inherited)",
				);
				GCC_WARN_64_TO_32_BIT_CONVERSION = YES;
				GCC_WARN_ABOUT_RETURN_TYPE = YES_ERROR;
				GCC_WARN_UNDECLARED_SELECTOR = YES;
				GCC_WARN_UNINITIALIZED_AUTOS = YES_AGGRESSIVE;
				GCC_WARN_UNUSED_FUNCTION = YES;
				GCC_WARN_UNUSED_VARIABLE = YES;
				IPHONEOS_DEPLOYMENT_TARGET = 16.2;
				MTL_ENABLE_DEBUG_INFO = INCLUDE_SOURCE;
				MTL_FAST_MATH = YES;
				ONLY_ACTIVE_ARCH = YES;
				SDKROOT = iphoneos;
				SWIFT_ACTIVE_COMPILATION_CONDITIONS = DEBUG;
				SWIFT_OPTIMIZATION_LEVEL = "-Onone";
			};
			name = Debug;
		};
		BFCF86C029CD56410075D5E6 /* Release */ = {
			isa = XCBuildConfiguration;
			buildSettings = {
				ALWAYS_SEARCH_USER_PATHS = NO;
				CLANG_ANALYZER_NONNULL = YES;
				CLANG_ANALYZER_NUMBER_OBJECT_CONVERSION = YES_AGGRESSIVE;
				CLANG_CXX_LANGUAGE_STANDARD = "gnu++20";
				CLANG_ENABLE_MODULES = YES;
				CLANG_ENABLE_OBJC_ARC = YES;
				CLANG_ENABLE_OBJC_WEAK = YES;
				CLANG_WARN_BLOCK_CAPTURE_AUTORELEASING = YES;
				CLANG_WARN_BOOL_CONVERSION = YES;
				CLANG_WARN_COMMA = YES;
				CLANG_WARN_CONSTANT_CONVERSION = YES;
				CLANG_WARN_DEPRECATED_OBJC_IMPLEMENTATIONS = YES;
				CLANG_WARN_DIRECT_OBJC_ISA_USAGE = YES_ERROR;
				CLANG_WARN_DOCUMENTATION_COMMENTS = YES;
				CLANG_WARN_EMPTY_BODY = YES;
				CLANG_WARN_ENUM_CONVERSION = YES;
				CLANG_WARN_INFINITE_RECURSION = YES;
				CLANG_WARN_INT_CONVERSION = YES;
				CLANG_WARN_NON_LITERAL_NULL_CONVERSION = YES;
				CLANG_WARN_OBJC_IMPLICIT_RETAIN_SELF = YES;
				CLANG_WARN_OBJC_LITERAL_CONVERSION = YES;
				CLANG_WARN_OBJC_ROOT_CLASS = YES_ERROR;
				CLANG_WARN_QUOTED_INCLUDE_IN_FRAMEWORK_HEADER = YES;
				CLANG_WARN_RANGE_LOOP_ANALYSIS = YES;
				CLANG_WARN_STRICT_PROTOTYPES = YES;
				CLANG_WARN_SUSPICIOUS_MOVE = YES;
				CLANG_WARN_UNGUARDED_AVAILABILITY = YES_AGGRESSIVE;
				CLANG_WARN_UNREACHABLE_CODE = YES;
				CLANG_WARN__DUPLICATE_METHOD_MATCH = YES;
				COPY_PHASE_STRIP = NO;
				DEBUG_INFORMATION_FORMAT = "dwarf-with-dsym";
				ENABLE_NS_ASSERTIONS = NO;
				ENABLE_STRICT_OBJC_MSGSEND = YES;
				GCC_C_LANGUAGE_STANDARD = gnu11;
				GCC_NO_COMMON_BLOCKS = YES;
				GCC_WARN_64_TO_32_BIT_CONVERSION = YES;
				GCC_WARN_ABOUT_RETURN_TYPE = YES_ERROR;
				GCC_WARN_UNDECLARED_SELECTOR = YES;
				GCC_WARN_UNINITIALIZED_AUTOS = YES_AGGRESSIVE;
				GCC_WARN_UNUSED_FUNCTION = YES;
				GCC_WARN_UNUSED_VARIABLE = YES;
				IPHONEOS_DEPLOYMENT_TARGET = 16.2;
				MTL_ENABLE_DEBUG_INFO = NO;
				MTL_FAST_MATH = YES;
				SDKROOT = iphoneos;
				SWIFT_COMPILATION_MODE = wholemodule;
				SWIFT_OPTIMIZATION_LEVEL = "-O";
				VALIDATE_PRODUCT = YES;
			};
			name = Release;
		};
		BFCF86C229CD56410075D5E6 /* Debug */ = {
			isa = XCBuildConfiguration;
			baseConfigurationReference = 0192F08C6E377D04B56FDC3F /* Pods-aDreamLeaf.debug.xcconfig */;
			buildSettings = {
				ASSETCATALOG_COMPILER_APPICON_NAME = AppIcon;
				ASSETCATALOG_COMPILER_GLOBAL_ACCENT_COLOR_NAME = AccentColor;
				CODE_SIGN_ENTITLEMENTS = aDreamLeaf/aDreamLeaf.entitlements;
				CODE_SIGN_STYLE = Automatic;
				CURRENT_PROJECT_VERSION = 1;
				DEVELOPMENT_TEAM = KB3R84Q4BQ;
				GENERATE_INFOPLIST_FILE = YES;
				INFOPLIST_FILE = aDreamLeaf/Info.plist;
				INFOPLIST_KEY_CFBundleDisplayName = "꿈나무 한입";
				INFOPLIST_KEY_NSLocationWhenInUseUsageDescription = "";
				INFOPLIST_KEY_UIApplicationSupportsIndirectInputEvents = YES;
				INFOPLIST_KEY_UILaunchStoryboardName = LaunchScreen.storyboard;
				INFOPLIST_KEY_UIStatusBarHidden = NO;
				INFOPLIST_KEY_UIStatusBarStyle = UIStatusBarStyleDarkContent;
				INFOPLIST_KEY_UISupportedInterfaceOrientations = UIInterfaceOrientationPortrait;
				INFOPLIST_KEY_UISupportedInterfaceOrientations_iPad = "UIInterfaceOrientationLandscapeLeft UIInterfaceOrientationLandscapeRight UIInterfaceOrientationPortrait UIInterfaceOrientationPortraitUpsideDown";
				LD_RUNPATH_SEARCH_PATHS = (
					"$(inherited)",
					"@executable_path/Frameworks",
				);
				MARKETING_VERSION = 1.0;
				PRODUCT_BUNDLE_IDENTIFIER = com.github.suneom.aDreamLeaf;
				PRODUCT_NAME = "$(TARGET_NAME)";
				SUPPORTED_PLATFORMS = "iphoneos iphonesimulator";
				SUPPORTS_MACCATALYST = NO;
				SUPPORTS_MAC_DESIGNED_FOR_IPHONE_IPAD = NO;
				SWIFT_EMIT_LOC_STRINGS = YES;
				SWIFT_VERSION = 5.0;
				TARGETED_DEVICE_FAMILY = 1;
			};
			name = Debug;
		};
		BFCF86C329CD56410075D5E6 /* Release */ = {
			isa = XCBuildConfiguration;
			baseConfigurationReference = A44D9FCDECC8EAD7D6A77BB9 /* Pods-aDreamLeaf.release.xcconfig */;
			buildSettings = {
				ASSETCATALOG_COMPILER_APPICON_NAME = AppIcon;
				ASSETCATALOG_COMPILER_GLOBAL_ACCENT_COLOR_NAME = AccentColor;
				CODE_SIGN_ENTITLEMENTS = aDreamLeaf/aDreamLeaf.entitlements;
				CODE_SIGN_STYLE = Automatic;
				CURRENT_PROJECT_VERSION = 1;
				DEVELOPMENT_TEAM = KB3R84Q4BQ;
				GENERATE_INFOPLIST_FILE = YES;
				INFOPLIST_FILE = aDreamLeaf/Info.plist;
				INFOPLIST_KEY_CFBundleDisplayName = "꿈나무 한입";
				INFOPLIST_KEY_NSLocationWhenInUseUsageDescription = "";
				INFOPLIST_KEY_UIApplicationSupportsIndirectInputEvents = YES;
				INFOPLIST_KEY_UILaunchStoryboardName = LaunchScreen.storyboard;
				INFOPLIST_KEY_UIStatusBarHidden = NO;
				INFOPLIST_KEY_UIStatusBarStyle = UIStatusBarStyleDarkContent;
				INFOPLIST_KEY_UISupportedInterfaceOrientations = UIInterfaceOrientationPortrait;
				INFOPLIST_KEY_UISupportedInterfaceOrientations_iPad = "UIInterfaceOrientationLandscapeLeft UIInterfaceOrientationLandscapeRight UIInterfaceOrientationPortrait UIInterfaceOrientationPortraitUpsideDown";
				LD_RUNPATH_SEARCH_PATHS = (
					"$(inherited)",
					"@executable_path/Frameworks",
				);
				MARKETING_VERSION = 1.0;
				PRODUCT_BUNDLE_IDENTIFIER = com.github.suneom.aDreamLeaf;
				PRODUCT_NAME = "$(TARGET_NAME)";
				SUPPORTED_PLATFORMS = "iphoneos iphonesimulator";
				SUPPORTS_MACCATALYST = NO;
				SUPPORTS_MAC_DESIGNED_FOR_IPHONE_IPAD = NO;
				SWIFT_EMIT_LOC_STRINGS = YES;
				SWIFT_VERSION = 5.0;
				TARGETED_DEVICE_FAMILY = 1;
			};
			name = Release;
		};
/* End XCBuildConfiguration section */

/* Begin XCConfigurationList section */
		BFCF86A829CD56400075D5E6 /* Build configuration list for PBXProject "aDreamLeaf" */ = {
			isa = XCConfigurationList;
			buildConfigurations = (
				BFCF86BF29CD56410075D5E6 /* Debug */,
				BFCF86C029CD56410075D5E6 /* Release */,
			);
			defaultConfigurationIsVisible = 0;
			defaultConfigurationName = Release;
		};
		BFCF86C129CD56410075D5E6 /* Build configuration list for PBXNativeTarget "aDreamLeaf" */ = {
			isa = XCConfigurationList;
			buildConfigurations = (
				BFCF86C229CD56410075D5E6 /* Debug */,
				BFCF86C329CD56410075D5E6 /* Release */,
			);
			defaultConfigurationIsVisible = 0;
			defaultConfigurationName = Release;
		};
/* End XCConfigurationList section */
	};
	rootObject = BFCF86A529CD56400075D5E6 /* Project object */;
}
